// !$*UTF8*$!
{
	archiveVersion = 1;
	classes = {
	};
	objectVersion = 50;
	objects = {

/* Begin PBXBuildFile section */
		3EB43DB8294DBD3800FDBCFE /* WisdomHUDLogView.swift in Sources */ = {isa = PBXBuildFile; fileRef = 3EB43DB7294DBD3800FDBCFE /* WisdomHUDLogView.swift */; };
		3EBAA50A29417D7A00A7CA6C /* WisdomHUD+Action.swift in Sources */ = {isa = PBXBuildFile; fileRef = 3EBAA50929417D7A00A7CA6C /* WisdomHUD+Action.swift */; };
		3EBBC677293EDA2900FE1422 /* WisdomHUDImageProgre.swift in Sources */ = {isa = PBXBuildFile; fileRef = 3EBBC676293EDA2900FE1422 /* WisdomHUDImageProgre.swift */; };
		8176E73728FAE3A900E33F46 /* WisdomHUD+Extension.swift in Sources */ = {isa = PBXBuildFile; fileRef = 8176E72E28FAE3A900E33F46 /* WisdomHUD+Extension.swift */; };
		8176E73828FAE3A900E33F46 /* WisdomHUDable.swift in Sources */ = {isa = PBXBuildFile; fileRef = 8176E72F28FAE3A900E33F46 /* WisdomHUDable.swift */; };
		8176E73928FAE3A900E33F46 /* WisdomHUDConfig.swift in Sources */ = {isa = PBXBuildFile; fileRef = 8176E73028FAE3A900E33F46 /* WisdomHUDConfig.swift */; };
		8176E73A28FAE3A900E33F46 /* WisdomHUD.swift in Sources */ = {isa = PBXBuildFile; fileRef = 8176E73128FAE3A900E33F46 /* WisdomHUD.swift */; };
		8176E73C28FAE3A900E33F46 /* WisdomHUDActionView.swift in Sources */ = {isa = PBXBuildFile; fileRef = 8176E73328FAE3A900E33F46 /* WisdomHUDActionView.swift */; };
		8176E73E28FAE3A900E33F46 /* WisdomHUDOperate.swift in Sources */ = {isa = PBXBuildFile; fileRef = 8176E73528FAE3A900E33F46 /* WisdomHUDOperate.swift */; };
		8176E73F28FAE3A900E33F46 /* WisdomHUDSceneView.swift in Sources */ = {isa = PBXBuildFile; fileRef = 8176E73628FAE3A900E33F46 /* WisdomHUDSceneView.swift */; };
		8176E74128FAE4D300E33F46 /* WisdomHUDHomeView.swift in Sources */ = {isa = PBXBuildFile; fileRef = 8176E74028FAE4D300E33F46 /* WisdomHUDHomeView.swift */; };
		8176E76828FAE53B00E33F46 /* ConstraintMultiplierTarget.swift in Sources */ = {isa = PBXBuildFile; fileRef = 8176E74328FAE53A00E33F46 /* ConstraintMultiplierTarget.swift */; };
		8176E76928FAE53B00E33F46 /* LayoutConstraintItem.swift in Sources */ = {isa = PBXBuildFile; fileRef = 8176E74428FAE53A00E33F46 /* LayoutConstraintItem.swift */; };
		8176E76A28FAE53B00E33F46 /* ConstraintMakerPrioritizable.swift in Sources */ = {isa = PBXBuildFile; fileRef = 8176E74528FAE53A00E33F46 /* ConstraintMakerPrioritizable.swift */; };
		8176E76B28FAE53B00E33F46 /* ConstraintDescription.swift in Sources */ = {isa = PBXBuildFile; fileRef = 8176E74628FAE53A00E33F46 /* ConstraintDescription.swift */; };
		8176E76C28FAE53B00E33F46 /* ConstraintAttributes.swift in Sources */ = {isa = PBXBuildFile; fileRef = 8176E74728FAE53A00E33F46 /* ConstraintAttributes.swift */; };
		8176E76D28FAE53B00E33F46 /* ConstraintViewDSL.swift in Sources */ = {isa = PBXBuildFile; fileRef = 8176E74828FAE53A00E33F46 /* ConstraintViewDSL.swift */; };
		8176E76E28FAE53B00E33F46 /* ConstraintPriorityTarget.swift in Sources */ = {isa = PBXBuildFile; fileRef = 8176E74928FAE53A00E33F46 /* ConstraintPriorityTarget.swift */; };
		8176E76F28FAE53B00E33F46 /* ConstraintInsets.swift in Sources */ = {isa = PBXBuildFile; fileRef = 8176E74A28FAE53A00E33F46 /* ConstraintInsets.swift */; };
		8176E77028FAE53B00E33F46 /* ConstraintMakerFinalizable.swift in Sources */ = {isa = PBXBuildFile; fileRef = 8176E74B28FAE53A00E33F46 /* ConstraintMakerFinalizable.swift */; };
		8176E77128FAE53B00E33F46 /* ConstraintDSL.swift in Sources */ = {isa = PBXBuildFile; fileRef = 8176E74C28FAE53A00E33F46 /* ConstraintDSL.swift */; };
		8176E77228FAE53B00E33F46 /* ConstraintMakerExtendable.swift in Sources */ = {isa = PBXBuildFile; fileRef = 8176E74D28FAE53A00E33F46 /* ConstraintMakerExtendable.swift */; };
		8176E77328FAE53B00E33F46 /* ConstraintPriority.swift in Sources */ = {isa = PBXBuildFile; fileRef = 8176E74E28FAE53A00E33F46 /* ConstraintPriority.swift */; };
		8176E77428FAE53B00E33F46 /* ConstraintInsetTarget.swift in Sources */ = {isa = PBXBuildFile; fileRef = 8176E74F28FAE53A00E33F46 /* ConstraintInsetTarget.swift */; };
		8176E77528FAE53B00E33F46 /* ConstraintDirectionalInsetTarget.swift in Sources */ = {isa = PBXBuildFile; fileRef = 8176E75028FAE53A00E33F46 /* ConstraintDirectionalInsetTarget.swift */; };
		8176E77628FAE53B00E33F46 /* ConstraintMakerRelatable+Extensions.swift in Sources */ = {isa = PBXBuildFile; fileRef = 8176E75128FAE53A00E33F46 /* ConstraintMakerRelatable+Extensions.swift */; };
		8176E77728FAE53B00E33F46 /* ConstraintConfig.swift in Sources */ = {isa = PBXBuildFile; fileRef = 8176E75228FAE53A00E33F46 /* ConstraintConfig.swift */; };
		8176E77828FAE53B00E33F46 /* UILayoutSupport+Extensions.swift in Sources */ = {isa = PBXBuildFile; fileRef = 8176E75328FAE53A00E33F46 /* UILayoutSupport+Extensions.swift */; };
		8176E77928FAE53B00E33F46 /* ConstraintView.swift in Sources */ = {isa = PBXBuildFile; fileRef = 8176E75428FAE53A00E33F46 /* ConstraintView.swift */; };
		8176E77A28FAE53B00E33F46 /* ConstraintLayoutGuide.swift in Sources */ = {isa = PBXBuildFile; fileRef = 8176E75528FAE53A00E33F46 /* ConstraintLayoutGuide.swift */; };
		8176E77B28FAE53B00E33F46 /* ConstraintLayoutSupport.swift in Sources */ = {isa = PBXBuildFile; fileRef = 8176E75628FAE53A00E33F46 /* ConstraintLayoutSupport.swift */; };
		8176E77C28FAE53B00E33F46 /* Typealiases.swift in Sources */ = {isa = PBXBuildFile; fileRef = 8176E75728FAE53A00E33F46 /* Typealiases.swift */; };
		8176E77D28FAE53B00E33F46 /* ConstraintConstantTarget.swift in Sources */ = {isa = PBXBuildFile; fileRef = 8176E75828FAE53A00E33F46 /* ConstraintConstantTarget.swift */; };
		8176E77E28FAE53B00E33F46 /* ConstraintOffsetTarget.swift in Sources */ = {isa = PBXBuildFile; fileRef = 8176E75928FAE53A00E33F46 /* ConstraintOffsetTarget.swift */; };
		8176E77F28FAE53B00E33F46 /* ConstraintMakerEditable.swift in Sources */ = {isa = PBXBuildFile; fileRef = 8176E75A28FAE53A00E33F46 /* ConstraintMakerEditable.swift */; };
		8176E78028FAE53B00E33F46 /* ConstraintMaker.swift in Sources */ = {isa = PBXBuildFile; fileRef = 8176E75B28FAE53A00E33F46 /* ConstraintMaker.swift */; };
		8176E78128FAE53B00E33F46 /* ConstraintRelation.swift in Sources */ = {isa = PBXBuildFile; fileRef = 8176E75C28FAE53A00E33F46 /* ConstraintRelation.swift */; };
		8176E78228FAE53B00E33F46 /* ConstraintLayoutGuideDSL.swift in Sources */ = {isa = PBXBuildFile; fileRef = 8176E75D28FAE53A00E33F46 /* ConstraintLayoutGuideDSL.swift */; };
		8176E78328FAE53B00E33F46 /* ConstraintView+Extensions.swift in Sources */ = {isa = PBXBuildFile; fileRef = 8176E75E28FAE53A00E33F46 /* ConstraintView+Extensions.swift */; };
		8176E78428FAE53B00E33F46 /* ConstraintItem.swift in Sources */ = {isa = PBXBuildFile; fileRef = 8176E75F28FAE53A00E33F46 /* ConstraintItem.swift */; };
		8176E78528FAE53B00E33F46 /* Constraint.swift in Sources */ = {isa = PBXBuildFile; fileRef = 8176E76028FAE53A00E33F46 /* Constraint.swift */; };
		8176E78628FAE53B00E33F46 /* Debugging.swift in Sources */ = {isa = PBXBuildFile; fileRef = 8176E76128FAE53A00E33F46 /* Debugging.swift */; };
		8176E78728FAE53B00E33F46 /* ConstraintRelatableTarget.swift in Sources */ = {isa = PBXBuildFile; fileRef = 8176E76228FAE53A00E33F46 /* ConstraintRelatableTarget.swift */; };
		8176E78828FAE53B00E33F46 /* LayoutConstraint.swift in Sources */ = {isa = PBXBuildFile; fileRef = 8176E76328FAE53A00E33F46 /* LayoutConstraint.swift */; };
		8176E78928FAE53B00E33F46 /* ConstraintLayoutGuide+Extensions.swift in Sources */ = {isa = PBXBuildFile; fileRef = 8176E76428FAE53A00E33F46 /* ConstraintLayoutGuide+Extensions.swift */; };
		8176E78A28FAE53B00E33F46 /* ConstraintDirectionalInsets.swift in Sources */ = {isa = PBXBuildFile; fileRef = 8176E76528FAE53A00E33F46 /* ConstraintDirectionalInsets.swift */; };
		8176E78B28FAE53B00E33F46 /* ConstraintLayoutSupportDSL.swift in Sources */ = {isa = PBXBuildFile; fileRef = 8176E76628FAE53A00E33F46 /* ConstraintLayoutSupportDSL.swift */; };
		8176E78C28FAE53B00E33F46 /* ConstraintMakerRelatable.swift in Sources */ = {isa = PBXBuildFile; fileRef = 8176E76728FAE53A00E33F46 /* ConstraintMakerRelatable.swift */; };
		8176E78E28FAF34400E33F46 /* WisdomHUDImageAnim.swift in Sources */ = {isa = PBXBuildFile; fileRef = 8176E78D28FAF34400E33F46 /* WisdomHUDImageAnim.swift */; };
		818427E82903E4BA00522922 /* WisdomHUDContext.swift in Sources */ = {isa = PBXBuildFile; fileRef = 818427E72903E4BA00522922 /* WisdomHUDContext.swift */; };
		818427EA2903E4C900522922 /* WisdomHUDCoverView.swift in Sources */ = {isa = PBXBuildFile; fileRef = 818427E92903E4C800522922 /* WisdomHUDCoverView.swift */; };
		818427EC2903E4D800522922 /* WisdomHUDImageView.swift in Sources */ = {isa = PBXBuildFile; fileRef = 818427EB2903E4D800522922 /* WisdomHUDImageView.swift */; };
		A582603C21B68174009421EB /* AppDelegate.swift in Sources */ = {isa = PBXBuildFile; fileRef = A582603B21B68174009421EB /* AppDelegate.swift */; };
		A582604321B68175009421EB /* Assets.xcassets in Resources */ = {isa = PBXBuildFile; fileRef = A582604221B68175009421EB /* Assets.xcassets */; };
		A582604621B68175009421EB /* LaunchScreen.storyboard in Resources */ = {isa = PBXBuildFile; fileRef = A582604421B68175009421EB /* LaunchScreen.storyboard */; };
		A582605A21B68203009421EB /* WisdomHUDHomeVC.swift in Sources */ = {isa = PBXBuildFile; fileRef = A582605821B68203009421EB /* WisdomHUDHomeVC.swift */; };
		A582605B21B68203009421EB /* WisdomHUDHomeVC.xib in Resources */ = {isa = PBXBuildFile; fileRef = A582605921B68203009421EB /* WisdomHUDHomeVC.xib */; };
/* End PBXBuildFile section */

/* Begin PBXFileReference section */
		3EB43DB7294DBD3800FDBCFE /* WisdomHUDLogView.swift */ = {isa = PBXFileReference; lastKnownFileType = sourcecode.swift; path = WisdomHUDLogView.swift; sourceTree = "<group>"; };
		3EBAA50929417D7A00A7CA6C /* WisdomHUD+Action.swift */ = {isa = PBXFileReference; lastKnownFileType = sourcecode.swift; path = "WisdomHUD+Action.swift"; sourceTree = "<group>"; };
		3EBBC676293EDA2900FE1422 /* WisdomHUDImageProgre.swift */ = {isa = PBXFileReference; lastKnownFileType = sourcecode.swift; path = WisdomHUDImageProgre.swift; sourceTree = "<group>"; };
		8176E72E28FAE3A900E33F46 /* WisdomHUD+Extension.swift */ = {isa = PBXFileReference; fileEncoding = 4; lastKnownFileType = sourcecode.swift; path = "WisdomHUD+Extension.swift"; sourceTree = "<group>"; };
		8176E72F28FAE3A900E33F46 /* WisdomHUDable.swift */ = {isa = PBXFileReference; fileEncoding = 4; lastKnownFileType = sourcecode.swift; path = WisdomHUDable.swift; sourceTree = "<group>"; };
		8176E73028FAE3A900E33F46 /* WisdomHUDConfig.swift */ = {isa = PBXFileReference; fileEncoding = 4; lastKnownFileType = sourcecode.swift; path = WisdomHUDConfig.swift; sourceTree = "<group>"; };
		8176E73128FAE3A900E33F46 /* WisdomHUD.swift */ = {isa = PBXFileReference; fileEncoding = 4; lastKnownFileType = sourcecode.swift; path = WisdomHUD.swift; sourceTree = "<group>"; };
		8176E73328FAE3A900E33F46 /* WisdomHUDActionView.swift */ = {isa = PBXFileReference; fileEncoding = 4; lastKnownFileType = sourcecode.swift; path = WisdomHUDActionView.swift; sourceTree = "<group>"; };
		8176E73528FAE3A900E33F46 /* WisdomHUDOperate.swift */ = {isa = PBXFileReference; fileEncoding = 4; lastKnownFileType = sourcecode.swift; path = WisdomHUDOperate.swift; sourceTree = "<group>"; };
		8176E73628FAE3A900E33F46 /* WisdomHUDSceneView.swift */ = {isa = PBXFileReference; fileEncoding = 4; lastKnownFileType = sourcecode.swift; path = WisdomHUDSceneView.swift; sourceTree = "<group>"; };
		8176E74028FAE4D300E33F46 /* WisdomHUDHomeView.swift */ = {isa = PBXFileReference; lastKnownFileType = sourcecode.swift; path = WisdomHUDHomeView.swift; sourceTree = "<group>"; };
		8176E74328FAE53A00E33F46 /* ConstraintMultiplierTarget.swift */ = {isa = PBXFileReference; fileEncoding = 4; lastKnownFileType = sourcecode.swift; path = ConstraintMultiplierTarget.swift; sourceTree = "<group>"; };
		8176E74428FAE53A00E33F46 /* LayoutConstraintItem.swift */ = {isa = PBXFileReference; fileEncoding = 4; lastKnownFileType = sourcecode.swift; path = LayoutConstraintItem.swift; sourceTree = "<group>"; };
		8176E74528FAE53A00E33F46 /* ConstraintMakerPrioritizable.swift */ = {isa = PBXFileReference; fileEncoding = 4; lastKnownFileType = sourcecode.swift; path = ConstraintMakerPrioritizable.swift; sourceTree = "<group>"; };
		8176E74628FAE53A00E33F46 /* ConstraintDescription.swift */ = {isa = PBXFileReference; fileEncoding = 4; lastKnownFileType = sourcecode.swift; path = ConstraintDescription.swift; sourceTree = "<group>"; };
		8176E74728FAE53A00E33F46 /* ConstraintAttributes.swift */ = {isa = PBXFileReference; fileEncoding = 4; lastKnownFileType = sourcecode.swift; path = ConstraintAttributes.swift; sourceTree = "<group>"; };
		8176E74828FAE53A00E33F46 /* ConstraintViewDSL.swift */ = {isa = PBXFileReference; fileEncoding = 4; lastKnownFileType = sourcecode.swift; path = ConstraintViewDSL.swift; sourceTree = "<group>"; };
		8176E74928FAE53A00E33F46 /* ConstraintPriorityTarget.swift */ = {isa = PBXFileReference; fileEncoding = 4; lastKnownFileType = sourcecode.swift; path = ConstraintPriorityTarget.swift; sourceTree = "<group>"; };
		8176E74A28FAE53A00E33F46 /* ConstraintInsets.swift */ = {isa = PBXFileReference; fileEncoding = 4; lastKnownFileType = sourcecode.swift; path = ConstraintInsets.swift; sourceTree = "<group>"; };
		8176E74B28FAE53A00E33F46 /* ConstraintMakerFinalizable.swift */ = {isa = PBXFileReference; fileEncoding = 4; lastKnownFileType = sourcecode.swift; path = ConstraintMakerFinalizable.swift; sourceTree = "<group>"; };
		8176E74C28FAE53A00E33F46 /* ConstraintDSL.swift */ = {isa = PBXFileReference; fileEncoding = 4; lastKnownFileType = sourcecode.swift; path = ConstraintDSL.swift; sourceTree = "<group>"; };
		8176E74D28FAE53A00E33F46 /* ConstraintMakerExtendable.swift */ = {isa = PBXFileReference; fileEncoding = 4; lastKnownFileType = sourcecode.swift; path = ConstraintMakerExtendable.swift; sourceTree = "<group>"; };
		8176E74E28FAE53A00E33F46 /* ConstraintPriority.swift */ = {isa = PBXFileReference; fileEncoding = 4; lastKnownFileType = sourcecode.swift; path = ConstraintPriority.swift; sourceTree = "<group>"; };
		8176E74F28FAE53A00E33F46 /* ConstraintInsetTarget.swift */ = {isa = PBXFileReference; fileEncoding = 4; lastKnownFileType = sourcecode.swift; path = ConstraintInsetTarget.swift; sourceTree = "<group>"; };
		8176E75028FAE53A00E33F46 /* ConstraintDirectionalInsetTarget.swift */ = {isa = PBXFileReference; fileEncoding = 4; lastKnownFileType = sourcecode.swift; path = ConstraintDirectionalInsetTarget.swift; sourceTree = "<group>"; };
		8176E75128FAE53A00E33F46 /* ConstraintMakerRelatable+Extensions.swift */ = {isa = PBXFileReference; fileEncoding = 4; lastKnownFileType = sourcecode.swift; path = "ConstraintMakerRelatable+Extensions.swift"; sourceTree = "<group>"; };
		8176E75228FAE53A00E33F46 /* ConstraintConfig.swift */ = {isa = PBXFileReference; fileEncoding = 4; lastKnownFileType = sourcecode.swift; path = ConstraintConfig.swift; sourceTree = "<group>"; };
		8176E75328FAE53A00E33F46 /* UILayoutSupport+Extensions.swift */ = {isa = PBXFileReference; fileEncoding = 4; lastKnownFileType = sourcecode.swift; path = "UILayoutSupport+Extensions.swift"; sourceTree = "<group>"; };
		8176E75428FAE53A00E33F46 /* ConstraintView.swift */ = {isa = PBXFileReference; fileEncoding = 4; lastKnownFileType = sourcecode.swift; path = ConstraintView.swift; sourceTree = "<group>"; };
		8176E75528FAE53A00E33F46 /* ConstraintLayoutGuide.swift */ = {isa = PBXFileReference; fileEncoding = 4; lastKnownFileType = sourcecode.swift; path = ConstraintLayoutGuide.swift; sourceTree = "<group>"; };
		8176E75628FAE53A00E33F46 /* ConstraintLayoutSupport.swift */ = {isa = PBXFileReference; fileEncoding = 4; lastKnownFileType = sourcecode.swift; path = ConstraintLayoutSupport.swift; sourceTree = "<group>"; };
		8176E75728FAE53A00E33F46 /* Typealiases.swift */ = {isa = PBXFileReference; fileEncoding = 4; lastKnownFileType = sourcecode.swift; path = Typealiases.swift; sourceTree = "<group>"; };
		8176E75828FAE53A00E33F46 /* ConstraintConstantTarget.swift */ = {isa = PBXFileReference; fileEncoding = 4; lastKnownFileType = sourcecode.swift; path = ConstraintConstantTarget.swift; sourceTree = "<group>"; };
		8176E75928FAE53A00E33F46 /* ConstraintOffsetTarget.swift */ = {isa = PBXFileReference; fileEncoding = 4; lastKnownFileType = sourcecode.swift; path = ConstraintOffsetTarget.swift; sourceTree = "<group>"; };
		8176E75A28FAE53A00E33F46 /* ConstraintMakerEditable.swift */ = {isa = PBXFileReference; fileEncoding = 4; lastKnownFileType = sourcecode.swift; path = ConstraintMakerEditable.swift; sourceTree = "<group>"; };
		8176E75B28FAE53A00E33F46 /* ConstraintMaker.swift */ = {isa = PBXFileReference; fileEncoding = 4; lastKnownFileType = sourcecode.swift; path = ConstraintMaker.swift; sourceTree = "<group>"; };
		8176E75C28FAE53A00E33F46 /* ConstraintRelation.swift */ = {isa = PBXFileReference; fileEncoding = 4; lastKnownFileType = sourcecode.swift; path = ConstraintRelation.swift; sourceTree = "<group>"; };
		8176E75D28FAE53A00E33F46 /* ConstraintLayoutGuideDSL.swift */ = {isa = PBXFileReference; fileEncoding = 4; lastKnownFileType = sourcecode.swift; path = ConstraintLayoutGuideDSL.swift; sourceTree = "<group>"; };
		8176E75E28FAE53A00E33F46 /* ConstraintView+Extensions.swift */ = {isa = PBXFileReference; fileEncoding = 4; lastKnownFileType = sourcecode.swift; path = "ConstraintView+Extensions.swift"; sourceTree = "<group>"; };
		8176E75F28FAE53A00E33F46 /* ConstraintItem.swift */ = {isa = PBXFileReference; fileEncoding = 4; lastKnownFileType = sourcecode.swift; path = ConstraintItem.swift; sourceTree = "<group>"; };
		8176E76028FAE53A00E33F46 /* Constraint.swift */ = {isa = PBXFileReference; fileEncoding = 4; lastKnownFileType = sourcecode.swift; path = Constraint.swift; sourceTree = "<group>"; };
		8176E76128FAE53A00E33F46 /* Debugging.swift */ = {isa = PBXFileReference; fileEncoding = 4; lastKnownFileType = sourcecode.swift; path = Debugging.swift; sourceTree = "<group>"; };
		8176E76228FAE53A00E33F46 /* ConstraintRelatableTarget.swift */ = {isa = PBXFileReference; fileEncoding = 4; lastKnownFileType = sourcecode.swift; path = ConstraintRelatableTarget.swift; sourceTree = "<group>"; };
		8176E76328FAE53A00E33F46 /* LayoutConstraint.swift */ = {isa = PBXFileReference; fileEncoding = 4; lastKnownFileType = sourcecode.swift; path = LayoutConstraint.swift; sourceTree = "<group>"; };
		8176E76428FAE53A00E33F46 /* ConstraintLayoutGuide+Extensions.swift */ = {isa = PBXFileReference; fileEncoding = 4; lastKnownFileType = sourcecode.swift; path = "ConstraintLayoutGuide+Extensions.swift"; sourceTree = "<group>"; };
		8176E76528FAE53A00E33F46 /* ConstraintDirectionalInsets.swift */ = {isa = PBXFileReference; fileEncoding = 4; lastKnownFileType = sourcecode.swift; path = ConstraintDirectionalInsets.swift; sourceTree = "<group>"; };
		8176E76628FAE53A00E33F46 /* ConstraintLayoutSupportDSL.swift */ = {isa = PBXFileReference; fileEncoding = 4; lastKnownFileType = sourcecode.swift; path = ConstraintLayoutSupportDSL.swift; sourceTree = "<group>"; };
		8176E76728FAE53A00E33F46 /* ConstraintMakerRelatable.swift */ = {isa = PBXFileReference; fileEncoding = 4; lastKnownFileType = sourcecode.swift; path = ConstraintMakerRelatable.swift; sourceTree = "<group>"; };
		8176E78D28FAF34400E33F46 /* WisdomHUDImageAnim.swift */ = {isa = PBXFileReference; lastKnownFileType = sourcecode.swift; path = WisdomHUDImageAnim.swift; sourceTree = "<group>"; };
		818427E72903E4BA00522922 /* WisdomHUDContext.swift */ = {isa = PBXFileReference; fileEncoding = 4; lastKnownFileType = sourcecode.swift; path = WisdomHUDContext.swift; sourceTree = "<group>"; };
		818427E92903E4C800522922 /* WisdomHUDCoverView.swift */ = {isa = PBXFileReference; fileEncoding = 4; lastKnownFileType = sourcecode.swift; path = WisdomHUDCoverView.swift; sourceTree = "<group>"; };
		818427EB2903E4D800522922 /* WisdomHUDImageView.swift */ = {isa = PBXFileReference; fileEncoding = 4; lastKnownFileType = sourcecode.swift; path = WisdomHUDImageView.swift; sourceTree = "<group>"; };
		A582603821B68174009421EB /* WisdomHUDDemo.app */ = {isa = PBXFileReference; explicitFileType = wrapper.application; includeInIndex = 0; path = WisdomHUDDemo.app; sourceTree = BUILT_PRODUCTS_DIR; };
		A582603B21B68174009421EB /* AppDelegate.swift */ = {isa = PBXFileReference; lastKnownFileType = sourcecode.swift; path = AppDelegate.swift; sourceTree = "<group>"; };
		A582604221B68175009421EB /* Assets.xcassets */ = {isa = PBXFileReference; lastKnownFileType = folder.assetcatalog; path = Assets.xcassets; sourceTree = "<group>"; };
		A582604521B68175009421EB /* Base */ = {isa = PBXFileReference; lastKnownFileType = file.storyboard; name = Base; path = Base.lproj/LaunchScreen.storyboard; sourceTree = "<group>"; };
		A582604721B68175009421EB /* Info.plist */ = {isa = PBXFileReference; lastKnownFileType = text.plist.xml; path = Info.plist; sourceTree = "<group>"; };
		A582605821B68203009421EB /* WisdomHUDHomeVC.swift */ = {isa = PBXFileReference; lastKnownFileType = sourcecode.swift; path = WisdomHUDHomeVC.swift; sourceTree = "<group>"; };
		A582605921B68203009421EB /* WisdomHUDHomeVC.xib */ = {isa = PBXFileReference; lastKnownFileType = file.xib; path = WisdomHUDHomeVC.xib; sourceTree = "<group>"; };
/* End PBXFileReference section */

/* Begin PBXFrameworksBuildPhase section */
		A582603521B68174009421EB /* Frameworks */ = {
			isa = PBXFrameworksBuildPhase;
			buildActionMask = 2147483647;
			files = (
			);
			runOnlyForDeploymentPostprocessing = 0;
		};
/* End PBXFrameworksBuildPhase section */

/* Begin PBXGroup section */
		3E843D5A277448F600378981 /* Source */ = {
			isa = PBXGroup;
			children = (
				8176E73128FAE3A900E33F46 /* WisdomHUD.swift */,
				8176E72F28FAE3A900E33F46 /* WisdomHUDable.swift */,
				8176E73028FAE3A900E33F46 /* WisdomHUDConfig.swift */,
				8176E73528FAE3A900E33F46 /* WisdomHUDOperate.swift */,
				818427E72903E4BA00522922 /* WisdomHUDContext.swift */,
				818427E92903E4C800522922 /* WisdomHUDCoverView.swift */,
				8176E73628FAE3A900E33F46 /* WisdomHUDSceneView.swift */,
				818427EB2903E4D800522922 /* WisdomHUDImageView.swift */,
				8176E78D28FAF34400E33F46 /* WisdomHUDImageAnim.swift */,
				3EBBC676293EDA2900FE1422 /* WisdomHUDImageProgre.swift */,
				8176E73328FAE3A900E33F46 /* WisdomHUDActionView.swift */,
				3EBAA50929417D7A00A7CA6C /* WisdomHUD+Action.swift */,
				8176E72E28FAE3A900E33F46 /* WisdomHUD+Extension.swift */,
				3EB43DB7294DBD3800FDBCFE /* WisdomHUDLogView.swift */,
			);
			name = Source;
			path = ../Source;
			sourceTree = "<group>";
		};
		8176E74228FAE53A00E33F46 /* SnapKit */ = {
			isa = PBXGroup;
			children = (
				8176E74328FAE53A00E33F46 /* ConstraintMultiplierTarget.swift */,
				8176E74428FAE53A00E33F46 /* LayoutConstraintItem.swift */,
				8176E74528FAE53A00E33F46 /* ConstraintMakerPrioritizable.swift */,
				8176E74628FAE53A00E33F46 /* ConstraintDescription.swift */,
				8176E74728FAE53A00E33F46 /* ConstraintAttributes.swift */,
				8176E74828FAE53A00E33F46 /* ConstraintViewDSL.swift */,
				8176E74928FAE53A00E33F46 /* ConstraintPriorityTarget.swift */,
				8176E74A28FAE53A00E33F46 /* ConstraintInsets.swift */,
				8176E74B28FAE53A00E33F46 /* ConstraintMakerFinalizable.swift */,
				8176E74C28FAE53A00E33F46 /* ConstraintDSL.swift */,
				8176E74D28FAE53A00E33F46 /* ConstraintMakerExtendable.swift */,
				8176E74E28FAE53A00E33F46 /* ConstraintPriority.swift */,
				8176E74F28FAE53A00E33F46 /* ConstraintInsetTarget.swift */,
				8176E75028FAE53A00E33F46 /* ConstraintDirectionalInsetTarget.swift */,
				8176E75128FAE53A00E33F46 /* ConstraintMakerRelatable+Extensions.swift */,
				8176E75228FAE53A00E33F46 /* ConstraintConfig.swift */,
				8176E75328FAE53A00E33F46 /* UILayoutSupport+Extensions.swift */,
				8176E75428FAE53A00E33F46 /* ConstraintView.swift */,
				8176E75528FAE53A00E33F46 /* ConstraintLayoutGuide.swift */,
				8176E75628FAE53A00E33F46 /* ConstraintLayoutSupport.swift */,
				8176E75728FAE53A00E33F46 /* Typealiases.swift */,
				8176E75828FAE53A00E33F46 /* ConstraintConstantTarget.swift */,
				8176E75928FAE53A00E33F46 /* ConstraintOffsetTarget.swift */,
				8176E75A28FAE53A00E33F46 /* ConstraintMakerEditable.swift */,
				8176E75B28FAE53A00E33F46 /* ConstraintMaker.swift */,
				8176E75C28FAE53A00E33F46 /* ConstraintRelation.swift */,
				8176E75D28FAE53A00E33F46 /* ConstraintLayoutGuideDSL.swift */,
				8176E75E28FAE53A00E33F46 /* ConstraintView+Extensions.swift */,
				8176E75F28FAE53A00E33F46 /* ConstraintItem.swift */,
				8176E76028FAE53A00E33F46 /* Constraint.swift */,
				8176E76128FAE53A00E33F46 /* Debugging.swift */,
				8176E76228FAE53A00E33F46 /* ConstraintRelatableTarget.swift */,
				8176E76328FAE53A00E33F46 /* LayoutConstraint.swift */,
				8176E76428FAE53A00E33F46 /* ConstraintLayoutGuide+Extensions.swift */,
				8176E76528FAE53A00E33F46 /* ConstraintDirectionalInsets.swift */,
				8176E76628FAE53A00E33F46 /* ConstraintLayoutSupportDSL.swift */,
				8176E76728FAE53A00E33F46 /* ConstraintMakerRelatable.swift */,
			);
			path = SnapKit;
			sourceTree = "<group>";
		};
		A582602F21B68174009421EB = {
			isa = PBXGroup;
			children = (
				3E843D5A277448F600378981 /* Source */,
				A582603A21B68174009421EB /* WisdomHUDDemo */,
				A582603921B68174009421EB /* Products */,
			);
			sourceTree = "<group>";
		};
		A582603921B68174009421EB /* Products */ = {
			isa = PBXGroup;
			children = (
				A582603821B68174009421EB /* WisdomHUDDemo.app */,
			);
			name = Products;
			sourceTree = "<group>";
		};
		A582603A21B68174009421EB /* WisdomHUDDemo */ = {
			isa = PBXGroup;
			children = (
				8176E74228FAE53A00E33F46 /* SnapKit */,
				A582603B21B68174009421EB /* AppDelegate.swift */,
				A582605821B68203009421EB /* WisdomHUDHomeVC.swift */,
				A582605921B68203009421EB /* WisdomHUDHomeVC.xib */,
				8176E74028FAE4D300E33F46 /* WisdomHUDHomeView.swift */,
				A582604221B68175009421EB /* Assets.xcassets */,
				A582604421B68175009421EB /* LaunchScreen.storyboard */,
				A582604721B68175009421EB /* Info.plist */,
			);
			path = WisdomHUDDemo;
			sourceTree = "<group>";
		};
/* End PBXGroup section */

/* Begin PBXNativeTarget section */
		A582603721B68174009421EB /* WisdomHUDDemo */ = {
			isa = PBXNativeTarget;
			buildConfigurationList = A582604A21B68175009421EB /* Build configuration list for PBXNativeTarget "WisdomHUDDemo" */;
			buildPhases = (
				A582603421B68174009421EB /* Sources */,
				A582603521B68174009421EB /* Frameworks */,
				A582603621B68174009421EB /* Resources */,
			);
			buildRules = (
			);
			dependencies = (
			);
			name = WisdomHUDDemo;
			productName = WisdomHUDDemo;
			productReference = A582603821B68174009421EB /* WisdomHUDDemo.app */;
			productType = "com.apple.product-type.application";
		};
/* End PBXNativeTarget section */

/* Begin PBXProject section */
		A582603021B68174009421EB /* Project object */ = {
			isa = PBXProject;
			attributes = {
				LastSwiftUpdateCheck = 1000;
				LastUpgradeCheck = 1240;
				ORGANIZATIONNAME = "All over the sky star";
				TargetAttributes = {
					A582603721B68174009421EB = {
						CreatedOnToolsVersion = 10.0;
						LastSwiftMigration = 1240;
					};
				};
			};
			buildConfigurationList = A582603321B68174009421EB /* Build configuration list for PBXProject "WisdomHUDDemo" */;
			compatibilityVersion = "Xcode 9.3";
			developmentRegion = en;
			hasScannedForEncodings = 0;
			knownRegions = (
				en,
				Base,
			);
			mainGroup = A582602F21B68174009421EB;
			productRefGroup = A582603921B68174009421EB /* Products */;
			projectDirPath = "";
			projectRoot = "";
			targets = (
				A582603721B68174009421EB /* WisdomHUDDemo */,
			);
		};
/* End PBXProject section */

/* Begin PBXResourcesBuildPhase section */
		A582603621B68174009421EB /* Resources */ = {
			isa = PBXResourcesBuildPhase;
			buildActionMask = 2147483647;
			files = (
				A582604621B68175009421EB /* LaunchScreen.storyboard in Resources */,
				A582604321B68175009421EB /* Assets.xcassets in Resources */,
				A582605B21B68203009421EB /* WisdomHUDHomeVC.xib in Resources */,
			);
			runOnlyForDeploymentPostprocessing = 0;
		};
/* End PBXResourcesBuildPhase section */

/* Begin PBXSourcesBuildPhase section */
		A582603421B68174009421EB /* Sources */ = {
			isa = PBXSourcesBuildPhase;
			buildActionMask = 2147483647;
			files = (
				3EB43DB8294DBD3800FDBCFE /* WisdomHUDLogView.swift in Sources */,
				8176E73A28FAE3A900E33F46 /* WisdomHUD.swift in Sources */,
				8176E76E28FAE53B00E33F46 /* ConstraintPriorityTarget.swift in Sources */,
				8176E77328FAE53B00E33F46 /* ConstraintPriority.swift in Sources */,
				8176E76C28FAE53B00E33F46 /* ConstraintAttributes.swift in Sources */,
				8176E78128FAE53B00E33F46 /* ConstraintRelation.swift in Sources */,
				8176E78828FAE53B00E33F46 /* LayoutConstraint.swift in Sources */,
				8176E78328FAE53B00E33F46 /* ConstraintView+Extensions.swift in Sources */,
				8176E78028FAE53B00E33F46 /* ConstraintMaker.swift in Sources */,
				8176E77728FAE53B00E33F46 /* ConstraintConfig.swift in Sources */,
				8176E78628FAE53B00E33F46 /* Debugging.swift in Sources */,
				8176E78A28FAE53B00E33F46 /* ConstraintDirectionalInsets.swift in Sources */,
				8176E73928FAE3A900E33F46 /* WisdomHUDConfig.swift in Sources */,
				8176E77028FAE53B00E33F46 /* ConstraintMakerFinalizable.swift in Sources */,
				8176E77528FAE53B00E33F46 /* ConstraintDirectionalInsetTarget.swift in Sources */,
				8176E74128FAE4D300E33F46 /* WisdomHUDHomeView.swift in Sources */,
				8176E77628FAE53B00E33F46 /* ConstraintMakerRelatable+Extensions.swift in Sources */,
				8176E73F28FAE3A900E33F46 /* WisdomHUDSceneView.swift in Sources */,
				A582603C21B68174009421EB /* AppDelegate.swift in Sources */,
				8176E73E28FAE3A900E33F46 /* WisdomHUDOperate.swift in Sources */,
				3EBBC677293EDA2900FE1422 /* WisdomHUDImageProgre.swift in Sources */,
				8176E76F28FAE53B00E33F46 /* ConstraintInsets.swift in Sources */,
				818427E82903E4BA00522922 /* WisdomHUDContext.swift in Sources */,
				8176E78728FAE53B00E33F46 /* ConstraintRelatableTarget.swift in Sources */,
				8176E73C28FAE3A900E33F46 /* WisdomHUDActionView.swift in Sources */,
				8176E77E28FAE53B00E33F46 /* ConstraintOffsetTarget.swift in Sources */,
				8176E77928FAE53B00E33F46 /* ConstraintView.swift in Sources */,
				8176E77A28FAE53B00E33F46 /* ConstraintLayoutGuide.swift in Sources */,
				8176E78228FAE53B00E33F46 /* ConstraintLayoutGuideDSL.swift in Sources */,
				A582605A21B68203009421EB /* WisdomHUDHomeVC.swift in Sources */,
				8176E76928FAE53B00E33F46 /* LayoutConstraintItem.swift in Sources */,
				8176E77128FAE53B00E33F46 /* ConstraintDSL.swift in Sources */,
				8176E76828FAE53B00E33F46 /* ConstraintMultiplierTarget.swift in Sources */,
				8176E78428FAE53B00E33F46 /* ConstraintItem.swift in Sources */,
				8176E78C28FAE53B00E33F46 /* ConstraintMakerRelatable.swift in Sources */,
				3EBAA50A29417D7A00A7CA6C /* WisdomHUD+Action.swift in Sources */,
				8176E77828FAE53B00E33F46 /* UILayoutSupport+Extensions.swift in Sources */,
				8176E73828FAE3A900E33F46 /* WisdomHUDable.swift in Sources */,
				8176E78528FAE53B00E33F46 /* Constraint.swift in Sources */,
				8176E77B28FAE53B00E33F46 /* ConstraintLayoutSupport.swift in Sources */,
				8176E77228FAE53B00E33F46 /* ConstraintMakerExtendable.swift in Sources */,
				8176E77F28FAE53B00E33F46 /* ConstraintMakerEditable.swift in Sources */,
				8176E78928FAE53B00E33F46 /* ConstraintLayoutGuide+Extensions.swift in Sources */,
				8176E77428FAE53B00E33F46 /* ConstraintInsetTarget.swift in Sources */,
				8176E76A28FAE53B00E33F46 /* ConstraintMakerPrioritizable.swift in Sources */,
				8176E77C28FAE53B00E33F46 /* Typealiases.swift in Sources */,
				8176E73728FAE3A900E33F46 /* WisdomHUD+Extension.swift in Sources */,
				8176E78B28FAE53B00E33F46 /* ConstraintLayoutSupportDSL.swift in Sources */,
				818427EA2903E4C900522922 /* WisdomHUDCoverView.swift in Sources */,
				8176E76B28FAE53B00E33F46 /* ConstraintDescription.swift in Sources */,
				8176E76D28FAE53B00E33F46 /* ConstraintViewDSL.swift in Sources */,
				818427EC2903E4D800522922 /* WisdomHUDImageView.swift in Sources */,
				8176E77D28FAE53B00E33F46 /* ConstraintConstantTarget.swift in Sources */,
				8176E78E28FAF34400E33F46 /* WisdomHUDImageAnim.swift in Sources */,
			);
			runOnlyForDeploymentPostprocessing = 0;
		};
/* End PBXSourcesBuildPhase section */

/* Begin PBXVariantGroup section */
		A582604421B68175009421EB /* LaunchScreen.storyboard */ = {
			isa = PBXVariantGroup;
			children = (
				A582604521B68175009421EB /* Base */,
			);
			name = LaunchScreen.storyboard;
			sourceTree = "<group>";
		};
/* End PBXVariantGroup section */

/* Begin XCBuildConfiguration section */
		A582604821B68175009421EB /* Debug */ = {
			isa = XCBuildConfiguration;
			buildSettings = {
				ALWAYS_SEARCH_USER_PATHS = NO;
				CLANG_ANALYZER_NONNULL = YES;
				CLANG_ANALYZER_NUMBER_OBJECT_CONVERSION = YES_AGGRESSIVE;
				CLANG_CXX_LANGUAGE_STANDARD = "gnu++14";
				CLANG_CXX_LIBRARY = "libc++";
				CLANG_ENABLE_MODULES = YES;
				CLANG_ENABLE_OBJC_ARC = YES;
				CLANG_ENABLE_OBJC_WEAK = YES;
				CLANG_WARN_BLOCK_CAPTURE_AUTORELEASING = YES;
				CLANG_WARN_BOOL_CONVERSION = YES;
				CLANG_WARN_COMMA = YES;
				CLANG_WARN_CONSTANT_CONVERSION = YES;
				CLANG_WARN_DEPRECATED_OBJC_IMPLEMENTATIONS = YES;
				CLANG_WARN_DIRECT_OBJC_ISA_USAGE = YES_ERROR;
				CLANG_WARN_DOCUMENTATION_COMMENTS = YES;
				CLANG_WARN_EMPTY_BODY = YES;
				CLANG_WARN_ENUM_CONVERSION = YES;
				CLANG_WARN_INFINITE_RECURSION = YES;
				CLANG_WARN_INT_CONVERSION = YES;
				CLANG_WARN_NON_LITERAL_NULL_CONVERSION = YES;
				CLANG_WARN_OBJC_IMPLICIT_RETAIN_SELF = YES;
				CLANG_WARN_OBJC_LITERAL_CONVERSION = YES;
				CLANG_WARN_OBJC_ROOT_CLASS = YES_ERROR;
				CLANG_WARN_QUOTED_INCLUDE_IN_FRAMEWORK_HEADER = YES;
				CLANG_WARN_RANGE_LOOP_ANALYSIS = YES;
				CLANG_WARN_STRICT_PROTOTYPES = YES;
				CLANG_WARN_SUSPICIOUS_MOVE = YES;
				CLANG_WARN_UNGUARDED_AVAILABILITY = YES_AGGRESSIVE;
				CLANG_WARN_UNREACHABLE_CODE = YES;
				CLANG_WARN__DUPLICATE_METHOD_MATCH = YES;
				CODE_SIGN_IDENTITY = "iPhone Developer";
				COPY_PHASE_STRIP = NO;
				DEBUG_INFORMATION_FORMAT = dwarf;
				ENABLE_STRICT_OBJC_MSGSEND = YES;
				ENABLE_TESTABILITY = YES;
				GCC_C_LANGUAGE_STANDARD = gnu11;
				GCC_DYNAMIC_NO_PIC = NO;
				GCC_NO_COMMON_BLOCKS = YES;
				GCC_OPTIMIZATION_LEVEL = 0;
				GCC_PREPROCESSOR_DEFINITIONS = (
					"DEBUG=1",
					"$(inherited)",
				);
				GCC_WARN_64_TO_32_BIT_CONVERSION = YES;
				GCC_WARN_ABOUT_RETURN_TYPE = YES_ERROR;
				GCC_WARN_UNDECLARED_SELECTOR = YES;
				GCC_WARN_UNINITIALIZED_AUTOS = YES_AGGRESSIVE;
				GCC_WARN_UNUSED_FUNCTION = YES;
				GCC_WARN_UNUSED_VARIABLE = YES;
				IPHONEOS_DEPLOYMENT_TARGET = 9.0;
				MTL_ENABLE_DEBUG_INFO = INCLUDE_SOURCE;
				MTL_FAST_MATH = YES;
				ONLY_ACTIVE_ARCH = YES;
				SDKROOT = iphoneos;
				SWIFT_ACTIVE_COMPILATION_CONDITIONS = DEBUG;
				SWIFT_OPTIMIZATION_LEVEL = "-Onone";
			};
			name = Debug;
		};
		A582604921B68175009421EB /* Release */ = {
			isa = XCBuildConfiguration;
			buildSettings = {
				ALWAYS_SEARCH_USER_PATHS = NO;
				CLANG_ANALYZER_NONNULL = YES;
				CLANG_ANALYZER_NUMBER_OBJECT_CONVERSION = YES_AGGRESSIVE;
				CLANG_CXX_LANGUAGE_STANDARD = "gnu++14";
				CLANG_CXX_LIBRARY = "libc++";
				CLANG_ENABLE_MODULES = YES;
				CLANG_ENABLE_OBJC_ARC = YES;
				CLANG_ENABLE_OBJC_WEAK = YES;
				CLANG_WARN_BLOCK_CAPTURE_AUTORELEASING = YES;
				CLANG_WARN_BOOL_CONVERSION = YES;
				CLANG_WARN_COMMA = YES;
				CLANG_WARN_CONSTANT_CONVERSION = YES;
				CLANG_WARN_DEPRECATED_OBJC_IMPLEMENTATIONS = YES;
				CLANG_WARN_DIRECT_OBJC_ISA_USAGE = YES_ERROR;
				CLANG_WARN_DOCUMENTATION_COMMENTS = YES;
				CLANG_WARN_EMPTY_BODY = YES;
				CLANG_WARN_ENUM_CONVERSION = YES;
				CLANG_WARN_INFINITE_RECURSION = YES;
				CLANG_WARN_INT_CONVERSION = YES;
				CLANG_WARN_NON_LITERAL_NULL_CONVERSION = YES;
				CLANG_WARN_OBJC_IMPLICIT_RETAIN_SELF = YES;
				CLANG_WARN_OBJC_LITERAL_CONVERSION = YES;
				CLANG_WARN_OBJC_ROOT_CLASS = YES_ERROR;
				CLANG_WARN_QUOTED_INCLUDE_IN_FRAMEWORK_HEADER = YES;
				CLANG_WARN_RANGE_LOOP_ANALYSIS = YES;
				CLANG_WARN_STRICT_PROTOTYPES = YES;
				CLANG_WARN_SUSPICIOUS_MOVE = YES;
				CLANG_WARN_UNGUARDED_AVAILABILITY = YES_AGGRESSIVE;
				CLANG_WARN_UNREACHABLE_CODE = YES;
				CLANG_WARN__DUPLICATE_METHOD_MATCH = YES;
				CODE_SIGN_IDENTITY = "iPhone Developer";
				COPY_PHASE_STRIP = NO;
				DEBUG_INFORMATION_FORMAT = "dwarf-with-dsym";
				ENABLE_NS_ASSERTIONS = NO;
				ENABLE_STRICT_OBJC_MSGSEND = YES;
				GCC_C_LANGUAGE_STANDARD = gnu11;
				GCC_NO_COMMON_BLOCKS = YES;
				GCC_WARN_64_TO_32_BIT_CONVERSION = YES;
				GCC_WARN_ABOUT_RETURN_TYPE = YES_ERROR;
				GCC_WARN_UNDECLARED_SELECTOR = YES;
				GCC_WARN_UNINITIALIZED_AUTOS = YES_AGGRESSIVE;
				GCC_WARN_UNUSED_FUNCTION = YES;
				GCC_WARN_UNUSED_VARIABLE = YES;
				IPHONEOS_DEPLOYMENT_TARGET = 9.0;
				MTL_ENABLE_DEBUG_INFO = NO;
				MTL_FAST_MATH = YES;
				SDKROOT = iphoneos;
				SWIFT_COMPILATION_MODE = wholemodule;
				SWIFT_OPTIMIZATION_LEVEL = "-O";
				VALIDATE_PRODUCT = YES;
			};
			name = Release;
		};
		A582604B21B68175009421EB /* Debug */ = {
			isa = XCBuildConfiguration;
			buildSettings = {
				ASSETCATALOG_COMPILER_APPICON_NAME = AppIcon;
				CODE_SIGN_STYLE = Automatic;
				DEVELOPMENT_TEAM = 96M65W4GY3;
				INFOPLIST_FILE = WisdomHUDDemo/Info.plist;
				IPHONEOS_DEPLOYMENT_TARGET = 9.0;
				LD_RUNPATH_SEARCH_PATHS = (
					"$(inherited)",
					"@executable_path/Frameworks",
				);
				PRODUCT_BUNDLE_IDENTIFIER = com.jianfeng.WisdomHUD;
				PRODUCT_NAME = "$(TARGET_NAME)";
				SWIFT_VERSION = 5.0;
				TARGETED_DEVICE_FAMILY = "1,2";
			};
			name = Debug;
		};
		A582604C21B68175009421EB /* Release */ = {
			isa = XCBuildConfiguration;
			buildSettings = {
				ASSETCATALOG_COMPILER_APPICON_NAME = AppIcon;
				CODE_SIGN_STYLE = Automatic;
				DEVELOPMENT_TEAM = 96M65W4GY3;
				INFOPLIST_FILE = WisdomHUDDemo/Info.plist;
				IPHONEOS_DEPLOYMENT_TARGET = 9.0;
				LD_RUNPATH_SEARCH_PATHS = (
					"$(inherited)",
					"@executable_path/Frameworks",
				);
				PRODUCT_BUNDLE_IDENTIFIER = com.jianfeng.WisdomHUD;
				PRODUCT_NAME = "$(TARGET_NAME)";
				SWIFT_VERSION = 5.0;
				TARGETED_DEVICE_FAMILY = "1,2";
			};
			name = Release;
		};
/* End XCBuildConfiguration section */

/* Begin XCConfigurationList section */
		A582603321B68174009421EB /* Build configuration list for PBXProject "WisdomHUDDemo" */ = {
			isa = XCConfigurationList;
			buildConfigurations = (
				A582604821B68175009421EB /* Debug */,
				A582604921B68175009421EB /* Release */,
			);
			defaultConfigurationIsVisible = 0;
			defaultConfigurationName = Release;
		};
		A582604A21B68175009421EB /* Build configuration list for PBXNativeTarget "WisdomHUDDemo" */ = {
			isa = XCConfigurationList;
			buildConfigurations = (
				A582604B21B68175009421EB /* Debug */,
				A582604C21B68175009421EB /* Release */,
			);
			defaultConfigurationIsVisible = 0;
			defaultConfigurationName = Release;
		};
/* End XCConfigurationList section */
	};
	rootObject = A582603021B68174009421EB /* Project object */;
}
