// !$*UTF8*$!
{
	archiveVersion = 1;
	classes = {
	};
	objectVersion = 54;
	objects = {

/* Begin PBXBuildFile section */
		3EB43DB8294DBD3800FDBCFE /* Log.swift in Sources */ = {isa = PBXBuildFile; fileRef = 3EB43DB7294DBD3800FDBCFE /* Log.swift */; };
		3EBAA50A29417D7A00A7CA6C /* HUD+Action.swift in Sources */ = {isa = PBXBuildFile; fileRef = 3EBAA50929417D7A00A7CA6C /* HUD+Action.swift */; };
		3EBBC677293EDA2900FE1422 /* ImageProgre.swift in Sources */ = {isa = PBXBuildFile; fileRef = 3EBBC676293EDA2900FE1422 /* ImageProgre.swift */; };
		8176E73728FAE3A900E33F46 /* HUD+Extension.swift in Sources */ = {isa = PBXBuildFile; fileRef = 8176E72E28FAE3A900E33F46 /* HUD+Extension.swift */; };
		8176E73828FAE3A900E33F46 /* Able.swift in Sources */ = {isa = PBXBuildFile; fileRef = 8176E72F28FAE3A900E33F46 /* Able.swift */; };
		8176E73928FAE3A900E33F46 /* Config.swift in Sources */ = {isa = PBXBuildFile; fileRef = 8176E73028FAE3A900E33F46 /* Config.swift */; };
		8176E73A28FAE3A900E33F46 /* HUD.swift in Sources */ = {isa = PBXBuildFile; fileRef = 8176E73128FAE3A900E33F46 /* HUD.swift */; };
		8176E73C28FAE3A900E33F46 /* Action.swift in Sources */ = {isa = PBXBuildFile; fileRef = 8176E73328FAE3A900E33F46 /* Action.swift */; };
		8176E73E28FAE3A900E33F46 /* Core.swift in Sources */ = {isa = PBXBuildFile; fileRef = 8176E73528FAE3A900E33F46 /* Core.swift */; };
		8176E73F28FAE3A900E33F46 /* Scene.swift in Sources */ = {isa = PBXBuildFile; fileRef = 8176E73628FAE3A900E33F46 /* Scene.swift */; };
		8176E74128FAE4D300E33F46 /* WisdomHUDHomeView.swift in Sources */ = {isa = PBXBuildFile; fileRef = 8176E74028FAE4D300E33F46 /* WisdomHUDHomeView.swift */; };
		8176E78E28FAF34400E33F46 /* ImageAnim.swift in Sources */ = {isa = PBXBuildFile; fileRef = 8176E78D28FAF34400E33F46 /* ImageAnim.swift */; };
		818427E82903E4BA00522922 /* Context.swift in Sources */ = {isa = PBXBuildFile; fileRef = 818427E72903E4BA00522922 /* Context.swift */; };
		818427EA2903E4C900522922 /* Cover.swift in Sources */ = {isa = PBXBuildFile; fileRef = 818427E92903E4C800522922 /* Cover.swift */; };
		818427EC2903E4D800522922 /* Image.swift in Sources */ = {isa = PBXBuildFile; fileRef = 818427EB2903E4D800522922 /* Image.swift */; };
		A582603C21B68174009421EB /* AppDelegate.swift in Sources */ = {isa = PBXBuildFile; fileRef = A582603B21B68174009421EB /* AppDelegate.swift */; };
		A582604321B68175009421EB /* Assets.xcassets in Resources */ = {isa = PBXBuildFile; fileRef = A582604221B68175009421EB /* Assets.xcassets */; };
		A582604621B68175009421EB /* LaunchScreen.storyboard in Resources */ = {isa = PBXBuildFile; fileRef = A582604421B68175009421EB /* LaunchScreen.storyboard */; };
		A582605A21B68203009421EB /* WisdomHUDHomeVC.swift in Sources */ = {isa = PBXBuildFile; fileRef = A582605821B68203009421EB /* WisdomHUDHomeVC.swift */; };
		A582605B21B68203009421EB /* WisdomHUDHomeVC.xib in Resources */ = {isa = PBXBuildFile; fileRef = A582605921B68203009421EB /* WisdomHUDHomeVC.xib */; };
		CB2C29F3110FAC98DAF70DD7 /* Pods_WisdomHUDDemo.framework in Frameworks */ = {isa = PBXBuildFile; fileRef = 5D7B92EB24C626724B167B62 /* Pods_WisdomHUDDemo.framework */; };
/* End PBXBuildFile section */

/* Begin PBXFileReference section */
		0C2CF5773208E485A4047782 /* Pods-WisdomHUDDemo.debug.xcconfig */ = {isa = PBXFileReference; includeInIndex = 1; lastKnownFileType = text.xcconfig; name = "Pods-WisdomHUDDemo.debug.xcconfig"; path = "Target Support Files/Pods-WisdomHUDDemo/Pods-WisdomHUDDemo.debug.xcconfig"; sourceTree = "<group>"; };
		257FDE87BFEE9BC755387F42 /* Pods-WisdomHUDDemo.release.xcconfig */ = {isa = PBXFileReference; includeInIndex = 1; lastKnownFileType = text.xcconfig; name = "Pods-WisdomHUDDemo.release.xcconfig"; path = "Target Support Files/Pods-WisdomHUDDemo/Pods-WisdomHUDDemo.release.xcconfig"; sourceTree = "<group>"; };
		3EB43DB7294DBD3800FDBCFE /* Log.swift */ = {isa = PBXFileReference; lastKnownFileType = sourcecode.swift; path = Log.swift; sourceTree = "<group>"; };
		3EBAA50929417D7A00A7CA6C /* HUD+Action.swift */ = {isa = PBXFileReference; lastKnownFileType = sourcecode.swift; path = "HUD+Action.swift"; sourceTree = "<group>"; };
		3EBBC676293EDA2900FE1422 /* ImageProgre.swift */ = {isa = PBXFileReference; lastKnownFileType = sourcecode.swift; path = ImageProgre.swift; sourceTree = "<group>"; };
		5D7B92EB24C626724B167B62 /* Pods_WisdomHUDDemo.framework */ = {isa = PBXFileReference; explicitFileType = wrapper.framework; includeInIndex = 0; path = Pods_WisdomHUDDemo.framework; sourceTree = BUILT_PRODUCTS_DIR; };
		8176E72E28FAE3A900E33F46 /* HUD+Extension.swift */ = {isa = PBXFileReference; fileEncoding = 4; lastKnownFileType = sourcecode.swift; path = "HUD+Extension.swift"; sourceTree = "<group>"; };
		8176E72F28FAE3A900E33F46 /* Able.swift */ = {isa = PBXFileReference; fileEncoding = 4; lastKnownFileType = sourcecode.swift; path = Able.swift; sourceTree = "<group>"; };
		8176E73028FAE3A900E33F46 /* Config.swift */ = {isa = PBXFileReference; fileEncoding = 4; lastKnownFileType = sourcecode.swift; path = Config.swift; sourceTree = "<group>"; };
		8176E73128FAE3A900E33F46 /* HUD.swift */ = {isa = PBXFileReference; fileEncoding = 4; lastKnownFileType = sourcecode.swift; path = HUD.swift; sourceTree = "<group>"; };
		8176E73328FAE3A900E33F46 /* Action.swift */ = {isa = PBXFileReference; fileEncoding = 4; lastKnownFileType = sourcecode.swift; path = Action.swift; sourceTree = "<group>"; };
		8176E73528FAE3A900E33F46 /* Core.swift */ = {isa = PBXFileReference; fileEncoding = 4; lastKnownFileType = sourcecode.swift; path = Core.swift; sourceTree = "<group>"; };
		8176E73628FAE3A900E33F46 /* Scene.swift */ = {isa = PBXFileReference; fileEncoding = 4; lastKnownFileType = sourcecode.swift; path = Scene.swift; sourceTree = "<group>"; };
		8176E74028FAE4D300E33F46 /* WisdomHUDHomeView.swift */ = {isa = PBXFileReference; lastKnownFileType = sourcecode.swift; path = WisdomHUDHomeView.swift; sourceTree = "<group>"; };
		8176E78D28FAF34400E33F46 /* ImageAnim.swift */ = {isa = PBXFileReference; lastKnownFileType = sourcecode.swift; path = ImageAnim.swift; sourceTree = "<group>"; };
		818427E72903E4BA00522922 /* Context.swift */ = {isa = PBXFileReference; fileEncoding = 4; lastKnownFileType = sourcecode.swift; path = Context.swift; sourceTree = "<group>"; };
		818427E92903E4C800522922 /* Cover.swift */ = {isa = PBXFileReference; fileEncoding = 4; lastKnownFileType = sourcecode.swift; path = Cover.swift; sourceTree = "<group>"; };
		818427EB2903E4D800522922 /* Image.swift */ = {isa = PBXFileReference; fileEncoding = 4; lastKnownFileType = sourcecode.swift; path = Image.swift; sourceTree = "<group>"; };
		A582603821B68174009421EB /* WisdomHUDDemo.app */ = {isa = PBXFileReference; explicitFileType = wrapper.application; includeInIndex = 0; path = WisdomHUDDemo.app; sourceTree = BUILT_PRODUCTS_DIR; };
		A582603B21B68174009421EB /* AppDelegate.swift */ = {isa = PBXFileReference; lastKnownFileType = sourcecode.swift; path = AppDelegate.swift; sourceTree = "<group>"; };
		A582604221B68175009421EB /* Assets.xcassets */ = {isa = PBXFileReference; lastKnownFileType = folder.assetcatalog; path = Assets.xcassets; sourceTree = "<group>"; };
		A582604521B68175009421EB /* Base */ = {isa = PBXFileReference; lastKnownFileType = file.storyboard; name = Base; path = Base.lproj/LaunchScreen.storyboard; sourceTree = "<group>"; };
		A582604721B68175009421EB /* Info.plist */ = {isa = PBXFileReference; lastKnownFileType = text.plist.xml; path = Info.plist; sourceTree = "<group>"; };
		A582605821B68203009421EB /* WisdomHUDHomeVC.swift */ = {isa = PBXFileReference; lastKnownFileType = sourcecode.swift; path = WisdomHUDHomeVC.swift; sourceTree = "<group>"; };
		A582605921B68203009421EB /* WisdomHUDHomeVC.xib */ = {isa = PBXFileReference; lastKnownFileType = file.xib; path = WisdomHUDHomeVC.xib; sourceTree = "<group>"; };
/* End PBXFileReference section */

/* Begin PBXFrameworksBuildPhase section */
		A582603521B68174009421EB /* Frameworks */ = {
			isa = PBXFrameworksBuildPhase;
			buildActionMask = 2147483647;
			files = (
				CB2C29F3110FAC98DAF70DD7 /* Pods_WisdomHUDDemo.framework in Frameworks */,
			);
			runOnlyForDeploymentPostprocessing = 0;
		};
/* End PBXFrameworksBuildPhase section */

/* Begin PBXGroup section */
		36BE381AF23F6D943E5C609A /* Frameworks */ = {
			isa = PBXGroup;
			children = (
				5D7B92EB24C626724B167B62 /* Pods_WisdomHUDDemo.framework */,
			);
			name = Frameworks;
			sourceTree = "<group>";
		};
		3E843D5A277448F600378981 /* Source */ = {
			isa = PBXGroup;
			children = (
				8176E73128FAE3A900E33F46 /* HUD.swift */,
				8176E72F28FAE3A900E33F46 /* Able.swift */,
				8176E73028FAE3A900E33F46 /* Config.swift */,
				8176E73528FAE3A900E33F46 /* Core.swift */,
				818427E72903E4BA00522922 /* Context.swift */,
				818427E92903E4C800522922 /* Cover.swift */,
				8176E73628FAE3A900E33F46 /* Scene.swift */,
				818427EB2903E4D800522922 /* Image.swift */,
				8176E78D28FAF34400E33F46 /* ImageAnim.swift */,
				3EBBC676293EDA2900FE1422 /* ImageProgre.swift */,
				8176E73328FAE3A900E33F46 /* Action.swift */,
				3EBAA50929417D7A00A7CA6C /* HUD+Action.swift */,
				8176E72E28FAE3A900E33F46 /* HUD+Extension.swift */,
				3EB43DB7294DBD3800FDBCFE /* Log.swift */,
			);
			name = Source;
			path = ../Source;
			sourceTree = "<group>";
		};
		A582602F21B68174009421EB = {
			isa = PBXGroup;
			children = (
				3E843D5A277448F600378981 /* Source */,
				A582603A21B68174009421EB /* WisdomHUDDemo */,
				A582603921B68174009421EB /* Products */,
				FF21C603768F71DF00BE3285 /* Pods */,
				36BE381AF23F6D943E5C609A /* Frameworks */,
			);
			sourceTree = "<group>";
		};
		A582603921B68174009421EB /* Products */ = {
			isa = PBXGroup;
			children = (
				A582603821B68174009421EB /* WisdomHUDDemo.app */,
			);
			name = Products;
			sourceTree = "<group>";
		};
		A582603A21B68174009421EB /* WisdomHUDDemo */ = {
			isa = PBXGroup;
			children = (
				A582603B21B68174009421EB /* AppDelegate.swift */,
				A582605821B68203009421EB /* WisdomHUDHomeVC.swift */,
				A582605921B68203009421EB /* WisdomHUDHomeVC.xib */,
				8176E74028FAE4D300E33F46 /* WisdomHUDHomeView.swift */,
				A582604221B68175009421EB /* Assets.xcassets */,
				A582604421B68175009421EB /* LaunchScreen.storyboard */,
				A582604721B68175009421EB /* Info.plist */,
			);
			path = WisdomHUDDemo;
			sourceTree = "<group>";
		};
		FF21C603768F71DF00BE3285 /* Pods */ = {
			isa = PBXGroup;
			children = (
				0C2CF5773208E485A4047782 /* Pods-WisdomHUDDemo.debug.xcconfig */,
				257FDE87BFEE9BC755387F42 /* Pods-WisdomHUDDemo.release.xcconfig */,
			);
			path = Pods;
			sourceTree = "<group>";
		};
/* End PBXGroup section */

/* Begin PBXNativeTarget section */
		A582603721B68174009421EB /* WisdomHUDDemo */ = {
			isa = PBXNativeTarget;
			buildConfigurationList = A582604A21B68175009421EB /* Build configuration list for PBXNativeTarget "WisdomHUDDemo" */;
			buildPhases = (
				5546668A11BC56C7637E219B /* [CP] Check Pods Manifest.lock */,
				A582603421B68174009421EB /* Sources */,
				A582603521B68174009421EB /* Frameworks */,
				A582603621B68174009421EB /* Resources */,
				3A17756BE08B9545C307B9B8 /* [CP] Embed Pods Frameworks */,
			);
			buildRules = (
			);
			dependencies = (
			);
			name = WisdomHUDDemo;
			productName = WisdomHUDDemo;
			productReference = A582603821B68174009421EB /* WisdomHUDDemo.app */;
			productType = "com.apple.product-type.application";
		};
/* End PBXNativeTarget section */

/* Begin PBXProject section */
		A582603021B68174009421EB /* Project object */ = {
			isa = PBXProject;
			attributes = {
				LastSwiftUpdateCheck = 1000;
				LastUpgradeCheck = 1240;
				ORGANIZATIONNAME = "All over the sky star";
				TargetAttributes = {
					A582603721B68174009421EB = {
						CreatedOnToolsVersion = 10.0;
						LastSwiftMigration = 1240;
					};
				};
			};
			buildConfigurationList = A582603321B68174009421EB /* Build configuration list for PBXProject "WisdomHUDDemo" */;
			compatibilityVersion = "Xcode 9.3";
			developmentRegion = en;
			hasScannedForEncodings = 0;
			knownRegions = (
				en,
				Base,
			);
			mainGroup = A582602F21B68174009421EB;
			productRefGroup = A582603921B68174009421EB /* Products */;
			projectDirPath = "";
			projectRoot = "";
			targets = (
				A582603721B68174009421EB /* WisdomHUDDemo */,
			);
		};
/* End PBXProject section */

/* Begin PBXResourcesBuildPhase section */
		A582603621B68174009421EB /* Resources */ = {
			isa = PBXResourcesBuildPhase;
			buildActionMask = 2147483647;
			files = (
				A582604621B68175009421EB /* LaunchScreen.storyboard in Resources */,
				A582604321B68175009421EB /* Assets.xcassets in Resources */,
				A582605B21B68203009421EB /* WisdomHUDHomeVC.xib in Resources */,
			);
			runOnlyForDeploymentPostprocessing = 0;
		};
/* End PBXResourcesBuildPhase section */

/* Begin PBXShellScriptBuildPhase section */
		3A17756BE08B9545C307B9B8 /* [CP] Embed Pods Frameworks */ = {
			isa = PBXShellScriptBuildPhase;
			buildActionMask = 2147483647;
			files = (
			);
			inputFileListPaths = (
				"${PODS_ROOT}/Target Support Files/Pods-WisdomHUDDemo/Pods-WisdomHUDDemo-frameworks-${CONFIGURATION}-input-files.xcfilelist",
			);
			inputPaths = (
			);
			name = "[CP] Embed Pods Frameworks";
			outputFileListPaths = (
				"${PODS_ROOT}/Target Support Files/Pods-WisdomHUDDemo/Pods-WisdomHUDDemo-frameworks-${CONFIGURATION}-output-files.xcfilelist",
			);
			outputPaths = (
			);
			runOnlyForDeploymentPostprocessing = 0;
			shellPath = /bin/sh;
			shellScript = "\"${PODS_ROOT}/Target Support Files/Pods-WisdomHUDDemo/Pods-WisdomHUDDemo-frameworks.sh\"\n";
			showEnvVarsInLog = 0;
		};
		5546668A11BC56C7637E219B /* [CP] Check Pods Manifest.lock */ = {
			isa = PBXShellScriptBuildPhase;
			buildActionMask = 2147483647;
			files = (
			);
			inputFileListPaths = (
			);
			inputPaths = (
				"${PODS_PODFILE_DIR_PATH}/Podfile.lock",
				"${PODS_ROOT}/Manifest.lock",
			);
			name = "[CP] Check Pods Manifest.lock";
			outputFileListPaths = (
			);
			outputPaths = (
				"$(DERIVED_FILE_DIR)/Pods-WisdomHUDDemo-checkManifestLockResult.txt",
			);
			runOnlyForDeploymentPostprocessing = 0;
			shellPath = /bin/sh;
			shellScript = "diff \"${PODS_PODFILE_DIR_PATH}/Podfile.lock\" \"${PODS_ROOT}/Manifest.lock\" > /dev/null\nif [ $? != 0 ] ; then\n    # print error to STDERR\n    echo \"error: The sandbox is not in sync with the Podfile.lock. Run 'pod install' or update your CocoaPods installation.\" >&2\n    exit 1\nfi\n# This output is used by Xcode 'outputs' to avoid re-running this script phase.\necho \"SUCCESS\" > \"${SCRIPT_OUTPUT_FILE_0}\"\n";
			showEnvVarsInLog = 0;
		};
/* End PBXShellScriptBuildPhase section */

/* Begin PBXSourcesBuildPhase section */
		A582603421B68174009421EB /* Sources */ = {
			isa = PBXSourcesBuildPhase;
			buildActionMask = 2147483647;
			files = (
				3EB43DB8294DBD3800FDBCFE /* Log.swift in Sources */,
				8176E73A28FAE3A900E33F46 /* HUD.swift in Sources */,
				8176E73928FAE3A900E33F46 /* Config.swift in Sources */,
				8176E74128FAE4D300E33F46 /* WisdomHUDHomeView.swift in Sources */,
				8176E73F28FAE3A900E33F46 /* Scene.swift in Sources */,
				A582603C21B68174009421EB /* AppDelegate.swift in Sources */,
				8176E73E28FAE3A900E33F46 /* Core.swift in Sources */,
				3EBBC677293EDA2900FE1422 /* ImageProgre.swift in Sources */,
				818427E82903E4BA00522922 /* Context.swift in Sources */,
				8176E73C28FAE3A900E33F46 /* Action.swift in Sources */,
				A582605A21B68203009421EB /* WisdomHUDHomeVC.swift in Sources */,
				3EBAA50A29417D7A00A7CA6C /* HUD+Action.swift in Sources */,
				8176E73828FAE3A900E33F46 /* Able.swift in Sources */,
				8176E73728FAE3A900E33F46 /* HUD+Extension.swift in Sources */,
				818427EA2903E4C900522922 /* Cover.swift in Sources */,
				818427EC2903E4D800522922 /* Image.swift in Sources */,
				8176E78E28FAF34400E33F46 /* ImageAnim.swift in Sources */,
			);
			runOnlyForDeploymentPostprocessing = 0;
		};
/* End PBXSourcesBuildPhase section */

/* Begin PBXVariantGroup section */
		A582604421B68175009421EB /* LaunchScreen.storyboard */ = {
			isa = PBXVariantGroup;
			children = (
				A582604521B68175009421EB /* Base */,
			);
			name = LaunchScreen.storyboard;
			sourceTree = "<group>";
		};
/* End PBXVariantGroup section */

/* Begin XCBuildConfiguration section */
		A582604821B68175009421EB /* Debug */ = {
			isa = XCBuildConfiguration;
			buildSettings = {
				ALWAYS_SEARCH_USER_PATHS = NO;
				CLANG_ANALYZER_NONNULL = YES;
				CLANG_ANALYZER_NUMBER_OBJECT_CONVERSION = YES_AGGRESSIVE;
				CLANG_CXX_LANGUAGE_STANDARD = "gnu++14";
				CLANG_CXX_LIBRARY = "libc++";
				CLANG_ENABLE_MODULES = YES;
				CLANG_ENABLE_OBJC_ARC = YES;
				CLANG_ENABLE_OBJC_WEAK = YES;
				CLANG_WARN_BLOCK_CAPTURE_AUTORELEASING = YES;
				CLANG_WARN_BOOL_CONVERSION = YES;
				CLANG_WARN_COMMA = YES;
				CLANG_WARN_CONSTANT_CONVERSION = YES;
				CLANG_WARN_DEPRECATED_OBJC_IMPLEMENTATIONS = YES;
				CLANG_WARN_DIRECT_OBJC_ISA_USAGE = YES_ERROR;
				CLANG_WARN_DOCUMENTATION_COMMENTS = YES;
				CLANG_WARN_EMPTY_BODY = YES;
				CLANG_WARN_ENUM_CONVERSION = YES;
				CLANG_WARN_INFINITE_RECURSION = YES;
				CLANG_WARN_INT_CONVERSION = YES;
				CLANG_WARN_NON_LITERAL_NULL_CONVERSION = YES;
				CLANG_WARN_OBJC_IMPLICIT_RETAIN_SELF = YES;
				CLANG_WARN_OBJC_LITERAL_CONVERSION = YES;
				CLANG_WARN_OBJC_ROOT_CLASS = YES_ERROR;
				CLANG_WARN_QUOTED_INCLUDE_IN_FRAMEWORK_HEADER = YES;
				CLANG_WARN_RANGE_LOOP_ANALYSIS = YES;
				CLANG_WARN_STRICT_PROTOTYPES = YES;
				CLANG_WARN_SUSPICIOUS_MOVE = YES;
				CLANG_WARN_UNGUARDED_AVAILABILITY = YES_AGGRESSIVE;
				CLANG_WARN_UNREACHABLE_CODE = YES;
				CLANG_WARN__DUPLICATE_METHOD_MATCH = YES;
				CODE_SIGN_IDENTITY = "iPhone Developer";
				COPY_PHASE_STRIP = NO;
				DEBUG_INFORMATION_FORMAT = dwarf;
				ENABLE_STRICT_OBJC_MSGSEND = YES;
				ENABLE_TESTABILITY = YES;
				GCC_C_LANGUAGE_STANDARD = gnu11;
				GCC_DYNAMIC_NO_PIC = NO;
				GCC_NO_COMMON_BLOCKS = YES;
				GCC_OPTIMIZATION_LEVEL = 0;
				GCC_PREPROCESSOR_DEFINITIONS = (
					"DEBUG=1",
					"$(inherited)",
				);
				GCC_WARN_64_TO_32_BIT_CONVERSION = YES;
				GCC_WARN_ABOUT_RETURN_TYPE = YES_ERROR;
				GCC_WARN_UNDECLARED_SELECTOR = YES;
				GCC_WARN_UNINITIALIZED_AUTOS = YES_AGGRESSIVE;
				GCC_WARN_UNUSED_FUNCTION = YES;
				GCC_WARN_UNUSED_VARIABLE = YES;
				IPHONEOS_DEPLOYMENT_TARGET = 9.0;
				MTL_ENABLE_DEBUG_INFO = INCLUDE_SOURCE;
				MTL_FAST_MATH = YES;
				ONLY_ACTIVE_ARCH = YES;
				SDKROOT = iphoneos;
				SWIFT_ACTIVE_COMPILATION_CONDITIONS = DEBUG;
				SWIFT_OPTIMIZATION_LEVEL = "-Onone";
			};
			name = Debug;
		};
		A582604921B68175009421EB /* Release */ = {
			isa = XCBuildConfiguration;
			buildSettings = {
				ALWAYS_SEARCH_USER_PATHS = NO;
				CLANG_ANALYZER_NONNULL = YES;
				CLANG_ANALYZER_NUMBER_OBJECT_CONVERSION = YES_AGGRESSIVE;
				CLANG_CXX_LANGUAGE_STANDARD = "gnu++14";
				CLANG_CXX_LIBRARY = "libc++";
				CLANG_ENABLE_MODULES = YES;
				CLANG_ENABLE_OBJC_ARC = YES;
				CLANG_ENABLE_OBJC_WEAK = YES;
				CLANG_WARN_BLOCK_CAPTURE_AUTORELEASING = YES;
				CLANG_WARN_BOOL_CONVERSION = YES;
				CLANG_WARN_COMMA = YES;
				CLANG_WARN_CONSTANT_CONVERSION = YES;
				CLANG_WARN_DEPRECATED_OBJC_IMPLEMENTATIONS = YES;
				CLANG_WARN_DIRECT_OBJC_ISA_USAGE = YES_ERROR;
				CLANG_WARN_DOCUMENTATION_COMMENTS = YES;
				CLANG_WARN_EMPTY_BODY = YES;
				CLANG_WARN_ENUM_CONVERSION = YES;
				CLANG_WARN_INFINITE_RECURSION = YES;
				CLANG_WARN_INT_CONVERSION = YES;
				CLANG_WARN_NON_LITERAL_NULL_CONVERSION = YES;
				CLANG_WARN_OBJC_IMPLICIT_RETAIN_SELF = YES;
				CLANG_WARN_OBJC_LITERAL_CONVERSION = YES;
				CLANG_WARN_OBJC_ROOT_CLASS = YES_ERROR;
				CLANG_WARN_QUOTED_INCLUDE_IN_FRAMEWORK_HEADER = YES;
				CLANG_WARN_RANGE_LOOP_ANALYSIS = YES;
				CLANG_WARN_STRICT_PROTOTYPES = YES;
				CLANG_WARN_SUSPICIOUS_MOVE = YES;
				CLANG_WARN_UNGUARDED_AVAILABILITY = YES_AGGRESSIVE;
				CLANG_WARN_UNREACHABLE_CODE = YES;
				CLANG_WARN__DUPLICATE_METHOD_MATCH = YES;
				CODE_SIGN_IDENTITY = "iPhone Developer";
				COPY_PHASE_STRIP = NO;
				DEBUG_INFORMATION_FORMAT = "dwarf-with-dsym";
				ENABLE_NS_ASSERTIONS = NO;
				ENABLE_STRICT_OBJC_MSGSEND = YES;
				GCC_C_LANGUAGE_STANDARD = gnu11;
				GCC_NO_COMMON_BLOCKS = YES;
				GCC_WARN_64_TO_32_BIT_CONVERSION = YES;
				GCC_WARN_ABOUT_RETURN_TYPE = YES_ERROR;
				GCC_WARN_UNDECLARED_SELECTOR = YES;
				GCC_WARN_UNINITIALIZED_AUTOS = YES_AGGRESSIVE;
				GCC_WARN_UNUSED_FUNCTION = YES;
				GCC_WARN_UNUSED_VARIABLE = YES;
				IPHONEOS_DEPLOYMENT_TARGET = 9.0;
				MTL_ENABLE_DEBUG_INFO = NO;
				MTL_FAST_MATH = YES;
				SDKROOT = iphoneos;
				SWIFT_COMPILATION_MODE = wholemodule;
				SWIFT_OPTIMIZATION_LEVEL = "-O";
				VALIDATE_PRODUCT = YES;
			};
			name = Release;
		};
		A582604B21B68175009421EB /* Debug */ = {
			isa = XCBuildConfiguration;
			baseConfigurationReference = 0C2CF5773208E485A4047782 /* Pods-WisdomHUDDemo.debug.xcconfig */;
			buildSettings = {
				ASSETCATALOG_COMPILER_APPICON_NAME = AppIcon;
				CODE_SIGN_STYLE = Automatic;
				DEVELOPMENT_TEAM = 96M65W4GY3;
				INFOPLIST_FILE = WisdomHUDDemo/Info.plist;
				IPHONEOS_DEPLOYMENT_TARGET = 12.0;
				LD_RUNPATH_SEARCH_PATHS = (
					"$(inherited)",
					"@executable_path/Frameworks",
				);
				PRODUCT_BUNDLE_IDENTIFIER = com.jianfeng.WisdomHUD;
				PRODUCT_NAME = "$(TARGET_NAME)";
				SWIFT_VERSION = 6.0;
				TARGETED_DEVICE_FAMILY = "1,2";
			};
			name = Debug;
		};
		A582604C21B68175009421EB /* Release */ = {
			isa = XCBuildConfiguration;
			baseConfigurationReference = 257FDE87BFEE9BC755387F42 /* Pods-WisdomHUDDemo.release.xcconfig */;
			buildSettings = {
				ASSETCATALOG_COMPILER_APPICON_NAME = AppIcon;
				CODE_SIGN_STYLE = Automatic;
				DEVELOPMENT_TEAM = 96M65W4GY3;
				INFOPLIST_FILE = WisdomHUDDemo/Info.plist;
				IPHONEOS_DEPLOYMENT_TARGET = 12.0;
				LD_RUNPATH_SEARCH_PATHS = (
					"$(inherited)",
					"@executable_path/Frameworks",
				);
				PRODUCT_BUNDLE_IDENTIFIER = com.jianfeng.WisdomHUD;
				PRODUCT_NAME = "$(TARGET_NAME)";
				SWIFT_VERSION = 6.0;
				TARGETED_DEVICE_FAMILY = "1,2";
			};
			name = Release;
		};
/* End XCBuildConfiguration section */

/* Begin XCConfigurationList section */
		A582603321B68174009421EB /* Build configuration list for PBXProject "WisdomHUDDemo" */ = {
			isa = XCConfigurationList;
			buildConfigurations = (
				A582604821B68175009421EB /* Debug */,
				A582604921B68175009421EB /* Release */,
			);
			defaultConfigurationIsVisible = 0;
			defaultConfigurationName = Release;
		};
		A582604A21B68175009421EB /* Build configuration list for PBXNativeTarget "WisdomHUDDemo" */ = {
			isa = XCConfigurationList;
			buildConfigurations = (
				A582604B21B68175009421EB /* Debug */,
				A582604C21B68175009421EB /* Release */,
			);
			defaultConfigurationIsVisible = 0;
			defaultConfigurationName = Release;
		};
/* End XCConfigurationList section */
	};
	rootObject = A582603021B68174009421EB /* Project object */;
}
