// !$*UTF8*$!
{
	archiveVersion = 1;
	classes = {
	};
	objectVersion = 50;
	objects = {

/* Begin PBXBuildFile section */
		A582603C21B68174009421EB /* AppDelegate.swift in Sources */ = {isa = PBXBuildFile; fileRef = A582603B21B68174009421EB /* AppDelegate.swift */; };
		A582604321B68175009421EB /* Assets.xcassets in Resources */ = {isa = PBXBuildFile; fileRef = A582604221B68175009421EB /* Assets.xcassets */; };
		A582604621B68175009421EB /* LaunchScreen.storyboard in Resources */ = {isa = PBXBuildFile; fileRef = A582604421B68175009421EB /* LaunchScreen.storyboard */; };
		A582605321B68192009421EB /* WisdomHUD+Extension.swift in Sources */ = {isa = PBXBuildFile; fileRef = A582604E21B68192009421EB /* WisdomHUD+Extension.swift */; };
		A582605421B68192009421EB /* WisdomHUDImage.swift in Sources */ = {isa = PBXBuildFile; fileRef = A582604F21B68192009421EB /* WisdomHUDImage.swift */; };
		A582605521B68192009421EB /* WisdomLayerView.swift in Sources */ = {isa = PBXBuildFile; fileRef = A582605021B68192009421EB /* WisdomLayerView.swift */; };
		A582605621B68192009421EB /* WisdomHUD.swift in Sources */ = {isa = PBXBuildFile; fileRef = A582605121B68192009421EB /* WisdomHUD.swift */; };
		A582605721B68192009421EB /* WisdomHUDConfig.swift in Sources */ = {isa = PBXBuildFile; fileRef = A582605221B68192009421EB /* WisdomHUDConfig.swift */; };
		A582605A21B68203009421EB /* WisdomHUDHomeVC.swift in Sources */ = {isa = PBXBuildFile; fileRef = A582605821B68203009421EB /* WisdomHUDHomeVC.swift */; };
		A582605B21B68203009421EB /* WisdomHUDHomeVC.xib in Resources */ = {isa = PBXBuildFile; fileRef = A582605921B68203009421EB /* WisdomHUDHomeVC.xib */; };
		A582605D21B68C6A009421EB /* WisdomHUD.bundle in Resources */ = {isa = PBXBuildFile; fileRef = A582605C21B68C6A009421EB /* WisdomHUD.bundle */; };
/* End PBXBuildFile section */

/* Begin PBXFileReference section */
		A582603821B68174009421EB /* WisdomHUDDemo.app */ = {isa = PBXFileReference; explicitFileType = wrapper.application; includeInIndex = 0; path = WisdomHUDDemo.app; sourceTree = BUILT_PRODUCTS_DIR; };
		A582603B21B68174009421EB /* AppDelegate.swift */ = {isa = PBXFileReference; lastKnownFileType = sourcecode.swift; path = AppDelegate.swift; sourceTree = "<group>"; };
		A582604221B68175009421EB /* Assets.xcassets */ = {isa = PBXFileReference; lastKnownFileType = folder.assetcatalog; path = Assets.xcassets; sourceTree = "<group>"; };
		A582604521B68175009421EB /* Base */ = {isa = PBXFileReference; lastKnownFileType = file.storyboard; name = Base; path = Base.lproj/LaunchScreen.storyboard; sourceTree = "<group>"; };
		A582604721B68175009421EB /* Info.plist */ = {isa = PBXFileReference; lastKnownFileType = text.plist.xml; path = Info.plist; sourceTree = "<group>"; };
		A582604E21B68192009421EB /* WisdomHUD+Extension.swift */ = {isa = PBXFileReference; fileEncoding = 4; lastKnownFileType = sourcecode.swift; path = "WisdomHUD+Extension.swift"; sourceTree = "<group>"; };
		A582604F21B68192009421EB /* WisdomHUDImage.swift */ = {isa = PBXFileReference; fileEncoding = 4; lastKnownFileType = sourcecode.swift; path = WisdomHUDImage.swift; sourceTree = "<group>"; };
		A582605021B68192009421EB /* WisdomLayerView.swift */ = {isa = PBXFileReference; fileEncoding = 4; lastKnownFileType = sourcecode.swift; path = WisdomLayerView.swift; sourceTree = "<group>"; };
		A582605121B68192009421EB /* WisdomHUD.swift */ = {isa = PBXFileReference; fileEncoding = 4; lastKnownFileType = sourcecode.swift; path = WisdomHUD.swift; sourceTree = "<group>"; };
		A582605221B68192009421EB /* WisdomHUDConfig.swift */ = {isa = PBXFileReference; fileEncoding = 4; lastKnownFileType = sourcecode.swift; path = WisdomHUDConfig.swift; sourceTree = "<group>"; };
		A582605821B68203009421EB /* WisdomHUDHomeVC.swift */ = {isa = PBXFileReference; lastKnownFileType = sourcecode.swift; path = WisdomHUDHomeVC.swift; sourceTree = "<group>"; };
		A582605921B68203009421EB /* WisdomHUDHomeVC.xib */ = {isa = PBXFileReference; lastKnownFileType = file.xib; path = WisdomHUDHomeVC.xib; sourceTree = "<group>"; };
		A582605C21B68C6A009421EB /* WisdomHUD.bundle */ = {isa = PBXFileReference; lastKnownFileType = "wrapper.plug-in"; path = WisdomHUD.bundle; sourceTree = "<group>"; };
/* End PBXFileReference section */

/* Begin PBXFrameworksBuildPhase section */
		A582603521B68174009421EB /* Frameworks */ = {
			isa = PBXFrameworksBuildPhase;
			buildActionMask = 2147483647;
			files = (
			);
			runOnlyForDeploymentPostprocessing = 0;
		};
/* End PBXFrameworksBuildPhase section */

/* Begin PBXGroup section */
		A582602F21B68174009421EB = {
			isa = PBXGroup;
			children = (
				A582603A21B68174009421EB /* WisdomHUDDemo */,
				A582603921B68174009421EB /* Products */,
			);
			sourceTree = "<group>";
		};
		A582603921B68174009421EB /* Products */ = {
			isa = PBXGroup;
			children = (
				A582603821B68174009421EB /* WisdomHUDDemo.app */,
			);
			name = Products;
			sourceTree = "<group>";
		};
		A582603A21B68174009421EB /* WisdomHUDDemo */ = {
			isa = PBXGroup;
			children = (
				A582604D21B68192009421EB /* WisdomHUD */,
				A582603B21B68174009421EB /* AppDelegate.swift */,
				A582605821B68203009421EB /* WisdomHUDHomeVC.swift */,
				A582605921B68203009421EB /* WisdomHUDHomeVC.xib */,
				A582604221B68175009421EB /* Assets.xcassets */,
				A582604421B68175009421EB /* LaunchScreen.storyboard */,
				A582604721B68175009421EB /* Info.plist */,
			);
			path = WisdomHUDDemo;
			sourceTree = "<group>";
		};
		A582604D21B68192009421EB /* WisdomHUD */ = {
			isa = PBXGroup;
			children = (
				A582605221B68192009421EB /* WisdomHUDConfig.swift */,
				A582605121B68192009421EB /* WisdomHUD.swift */,
				A582604E21B68192009421EB /* WisdomHUD+Extension.swift */,
				A582604F21B68192009421EB /* WisdomHUDImage.swift */,
				A582605021B68192009421EB /* WisdomLayerView.swift */,
				A582605C21B68C6A009421EB /* WisdomHUD.bundle */,
			);
			path = WisdomHUD;
			sourceTree = "<group>";
		};
/* End PBXGroup section */

/* Begin PBXNativeTarget section */
		A582603721B68174009421EB /* WisdomHUDDemo */ = {
			isa = PBXNativeTarget;
			buildConfigurationList = A582604A21B68175009421EB /* Build configuration list for PBXNativeTarget "WisdomHUDDemo" */;
			buildPhases = (
				A582603421B68174009421EB /* Sources */,
				A582603521B68174009421EB /* Frameworks */,
				A582603621B68174009421EB /* Resources */,
			);
			buildRules = (
			);
			dependencies = (
			);
			name = WisdomHUDDemo;
			productName = WisdomHUDDemo;
			productReference = A582603821B68174009421EB /* WisdomHUDDemo.app */;
			productType = "com.apple.product-type.application";
		};
/* End PBXNativeTarget section */

/* Begin PBXProject section */
		A582603021B68174009421EB /* Project object */ = {
			isa = PBXProject;
			attributes = {
				LastSwiftUpdateCheck = 1000;
				LastUpgradeCheck = 1000;
				ORGANIZATIONNAME = "All over the sky star";
				TargetAttributes = {
					A582603721B68174009421EB = {
						CreatedOnToolsVersion = 10.0;
					};
				};
			};
			buildConfigurationList = A582603321B68174009421EB /* Build configuration list for PBXProject "WisdomHUDDemo" */;
			compatibilityVersion = "Xcode 9.3";
			developmentRegion = en;
			hasScannedForEncodings = 0;
			knownRegions = (
				en,
				Base,
			);
			mainGroup = A582602F21B68174009421EB;
			productRefGroup = A582603921B68174009421EB /* Products */;
			projectDirPath = "";
			projectRoot = "";
			targets = (
				A582603721B68174009421EB /* WisdomHUDDemo */,
			);
		};
/* End PBXProject section */

/* Begin PBXResourcesBuildPhase section */
		A582603621B68174009421EB /* Resources */ = {
			isa = PBXResourcesBuildPhase;
			buildActionMask = 2147483647;
			files = (
				A582605D21B68C6A009421EB /* WisdomHUD.bundle in Resources */,
				A582604621B68175009421EB /* LaunchScreen.storyboard in Resources */,
				A582604321B68175009421EB /* Assets.xcassets in Resources */,
				A582605B21B68203009421EB /* WisdomHUDHomeVC.xib in Resources */,
			);
			runOnlyForDeploymentPostprocessing = 0;
		};
/* End PBXResourcesBuildPhase section */

/* Begin PBXSourcesBuildPhase section */
		A582603421B68174009421EB /* Sources */ = {
			isa = PBXSourcesBuildPhase;
			buildActionMask = 2147483647;
			files = (
				A582605621B68192009421EB /* WisdomHUD.swift in Sources */,
				A582605521B68192009421EB /* WisdomLayerView.swift in Sources */,
				A582603C21B68174009421EB /* AppDelegate.swift in Sources */,
				A582605721B68192009421EB /* WisdomHUDConfig.swift in Sources */,
				A582605421B68192009421EB /* WisdomHUDImage.swift in Sources */,
				A582605A21B68203009421EB /* WisdomHUDHomeVC.swift in Sources */,
				A582605321B68192009421EB /* WisdomHUD+Extension.swift in Sources */,
			);
			runOnlyForDeploymentPostprocessing = 0;
		};
/* End PBXSourcesBuildPhase section */

/* Begin PBXVariantGroup section */
		A582604421B68175009421EB /* LaunchScreen.storyboard */ = {
			isa = PBXVariantGroup;
			children = (
				A582604521B68175009421EB /* Base */,
			);
			name = LaunchScreen.storyboard;
			sourceTree = "<group>";
		};
/* End PBXVariantGroup section */

/* Begin XCBuildConfiguration section */
		A582604821B68175009421EB /* Debug */ = {
			isa = XCBuildConfiguration;
			buildSettings = {
				ALWAYS_SEARCH_USER_PATHS = NO;
				CLANG_ANALYZER_NONNULL = YES;
				CLANG_ANALYZER_NUMBER_OBJECT_CONVERSION = YES_AGGRESSIVE;
				CLANG_CXX_LANGUAGE_STANDARD = "gnu++14";
				CLANG_CXX_LIBRARY = "libc++";
				CLANG_ENABLE_MODULES = YES;
				CLANG_ENABLE_OBJC_ARC = YES;
				CLANG_ENABLE_OBJC_WEAK = YES;
				CLANG_WARN_BLOCK_CAPTURE_AUTORELEASING = YES;
				CLANG_WARN_BOOL_CONVERSION = YES;
				CLANG_WARN_COMMA = YES;
				CLANG_WARN_CONSTANT_CONVERSION = YES;
				CLANG_WARN_DEPRECATED_OBJC_IMPLEMENTATIONS = YES;
				CLANG_WARN_DIRECT_OBJC_ISA_USAGE = YES_ERROR;
				CLANG_WARN_DOCUMENTATION_COMMENTS = YES;
				CLANG_WARN_EMPTY_BODY = YES;
				CLANG_WARN_ENUM_CONVERSION = YES;
				CLANG_WARN_INFINITE_RECURSION = YES;
				CLANG_WARN_INT_CONVERSION = YES;
				CLANG_WARN_NON_LITERAL_NULL_CONVERSION = YES;
				CLANG_WARN_OBJC_IMPLICIT_RETAIN_SELF = YES;
				CLANG_WARN_OBJC_LITERAL_CONVERSION = YES;
				CLANG_WARN_OBJC_ROOT_CLASS = YES_ERROR;
				CLANG_WARN_RANGE_LOOP_ANALYSIS = YES;
				CLANG_WARN_STRICT_PROTOTYPES = YES;
				CLANG_WARN_SUSPICIOUS_MOVE = YES;
				CLANG_WARN_UNGUARDED_AVAILABILITY = YES_AGGRESSIVE;
				CLANG_WARN_UNREACHABLE_CODE = YES;
				CLANG_WARN__DUPLICATE_METHOD_MATCH = YES;
				CODE_SIGN_IDENTITY = "iPhone Developer";
				COPY_PHASE_STRIP = NO;
				DEBUG_INFORMATION_FORMAT = dwarf;
				ENABLE_STRICT_OBJC_MSGSEND = YES;
				ENABLE_TESTABILITY = YES;
				GCC_C_LANGUAGE_STANDARD = gnu11;
				GCC_DYNAMIC_NO_PIC = NO;
				GCC_NO_COMMON_BLOCKS = YES;
				GCC_OPTIMIZATION_LEVEL = 0;
				GCC_PREPROCESSOR_DEFINITIONS = (
					"DEBUG=1",
					"$(inherited)",
				);
				GCC_WARN_64_TO_32_BIT_CONVERSION = YES;
				GCC_WARN_ABOUT_RETURN_TYPE = YES_ERROR;
				GCC_WARN_UNDECLARED_SELECTOR = YES;
				GCC_WARN_UNINITIALIZED_AUTOS = YES_AGGRESSIVE;
				GCC_WARN_UNUSED_FUNCTION = YES;
				GCC_WARN_UNUSED_VARIABLE = YES;
				IPHONEOS_DEPLOYMENT_TARGET = 12.0;
				MTL_ENABLE_DEBUG_INFO = INCLUDE_SOURCE;
				MTL_FAST_MATH = YES;
				ONLY_ACTIVE_ARCH = YES;
				SDKROOT = iphoneos;
				SWIFT_ACTIVE_COMPILATION_CONDITIONS = DEBUG;
				SWIFT_OPTIMIZATION_LEVEL = "-Onone";
			};
			name = Debug;
		};
		A582604921B68175009421EB /* Release */ = {
			isa = XCBuildConfiguration;
			buildSettings = {
				ALWAYS_SEARCH_USER_PATHS = NO;
				CLANG_ANALYZER_NONNULL = YES;
				CLANG_ANALYZER_NUMBER_OBJECT_CONVERSION = YES_AGGRESSIVE;
				CLANG_CXX_LANGUAGE_STANDARD = "gnu++14";
				CLANG_CXX_LIBRARY = "libc++";
				CLANG_ENABLE_MODULES = YES;
				CLANG_ENABLE_OBJC_ARC = YES;
				CLANG_ENABLE_OBJC_WEAK = YES;
				CLANG_WARN_BLOCK_CAPTURE_AUTORELEASING = YES;
				CLANG_WARN_BOOL_CONVERSION = YES;
				CLANG_WARN_COMMA = YES;
				CLANG_WARN_CONSTANT_CONVERSION = YES;
				CLANG_WARN_DEPRECATED_OBJC_IMPLEMENTATIONS = YES;
				CLANG_WARN_DIRECT_OBJC_ISA_USAGE = YES_ERROR;
				CLANG_WARN_DOCUMENTATION_COMMENTS = YES;
				CLANG_WARN_EMPTY_BODY = YES;
				CLANG_WARN_ENUM_CONVERSION = YES;
				CLANG_WARN_INFINITE_RECURSION = YES;
				CLANG_WARN_INT_CONVERSION = YES;
				CLANG_WARN_NON_LITERAL_NULL_CONVERSION = YES;
				CLANG_WARN_OBJC_IMPLICIT_RETAIN_SELF = YES;
				CLANG_WARN_OBJC_LITERAL_CONVERSION = YES;
				CLANG_WARN_OBJC_ROOT_CLASS = YES_ERROR;
				CLANG_WARN_RANGE_LOOP_ANALYSIS = YES;
				CLANG_WARN_STRICT_PROTOTYPES = YES;
				CLANG_WARN_SUSPICIOUS_MOVE = YES;
				CLANG_WARN_UNGUARDED_AVAILABILITY = YES_AGGRESSIVE;
				CLANG_WARN_UNREACHABLE_CODE = YES;
				CLANG_WARN__DUPLICATE_METHOD_MATCH = YES;
				CODE_SIGN_IDENTITY = "iPhone Developer";
				COPY_PHASE_STRIP = NO;
				DEBUG_INFORMATION_FORMAT = "dwarf-with-dsym";
				ENABLE_NS_ASSERTIONS = NO;
				ENABLE_STRICT_OBJC_MSGSEND = YES;
				GCC_C_LANGUAGE_STANDARD = gnu11;
				GCC_NO_COMMON_BLOCKS = YES;
				GCC_WARN_64_TO_32_BIT_CONVERSION = YES;
				GCC_WARN_ABOUT_RETURN_TYPE = YES_ERROR;
				GCC_WARN_UNDECLARED_SELECTOR = YES;
				GCC_WARN_UNINITIALIZED_AUTOS = YES_AGGRESSIVE;
				GCC_WARN_UNUSED_FUNCTION = YES;
				GCC_WARN_UNUSED_VARIABLE = YES;
				IPHONEOS_DEPLOYMENT_TARGET = 12.0;
				MTL_ENABLE_DEBUG_INFO = NO;
				MTL_FAST_MATH = YES;
				SDKROOT = iphoneos;
				SWIFT_COMPILATION_MODE = wholemodule;
				SWIFT_OPTIMIZATION_LEVEL = "-O";
				VALIDATE_PRODUCT = YES;
			};
			name = Release;
		};
		A582604B21B68175009421EB /* Debug */ = {
			isa = XCBuildConfiguration;
			buildSettings = {
				ASSETCATALOG_COMPILER_APPICON_NAME = AppIcon;
				CODE_SIGN_STYLE = Automatic;
				DEVELOPMENT_TEAM = HFM99A4RBU;
				INFOPLIST_FILE = WisdomHUDDemo/Info.plist;
				IPHONEOS_DEPLOYMENT_TARGET = 8.0;
				LD_RUNPATH_SEARCH_PATHS = (
					"$(inherited)",
					"@executable_path/Frameworks",
				);
				PRODUCT_BUNDLE_IDENTIFIER = "All-over-the-sky-star";
				PRODUCT_NAME = "$(TARGET_NAME)";
				SWIFT_VERSION = 4.2;
				TARGETED_DEVICE_FAMILY = 1;
			};
			name = Debug;
		};
		A582604C21B68175009421EB /* Release */ = {
			isa = XCBuildConfiguration;
			buildSettings = {
				ASSETCATALOG_COMPILER_APPICON_NAME = AppIcon;
				CODE_SIGN_STYLE = Automatic;
				DEVELOPMENT_TEAM = HFM99A4RBU;
				INFOPLIST_FILE = WisdomHUDDemo/Info.plist;
				IPHONEOS_DEPLOYMENT_TARGET = 8.0;
				LD_RUNPATH_SEARCH_PATHS = (
					"$(inherited)",
					"@executable_path/Frameworks",
				);
				PRODUCT_BUNDLE_IDENTIFIER = "All-over-the-sky-star";
				PRODUCT_NAME = "$(TARGET_NAME)";
				SWIFT_VERSION = 4.2;
				TARGETED_DEVICE_FAMILY = 1;
			};
			name = Release;
		};
/* End XCBuildConfiguration section */

/* Begin XCConfigurationList section */
		A582603321B68174009421EB /* Build configuration list for PBXProject "WisdomHUDDemo" */ = {
			isa = XCConfigurationList;
			buildConfigurations = (
				A582604821B68175009421EB /* Debug */,
				A582604921B68175009421EB /* Release */,
			);
			defaultConfigurationIsVisible = 0;
			defaultConfigurationName = Release;
		};
		A582604A21B68175009421EB /* Build configuration list for PBXNativeTarget "WisdomHUDDemo" */ = {
			isa = XCConfigurationList;
			buildConfigurations = (
				A582604B21B68175009421EB /* Debug */,
				A582604C21B68175009421EB /* Release */,
			);
			defaultConfigurationIsVisible = 0;
			defaultConfigurationName = Release;
		};
/* End XCConfigurationList section */
	};
	rootObject = A582603021B68174009421EB /* Project object */;
}
